
Microsoft Visual Studio Solution File, Format Version 12.00
# Visual Studio Version 17
VisualStudioVersion = 17.14.36414.22
MinimumVisualStudioVersion = 10.0.40219.1
Project("{2150E333-8FDC-42A3-9474-1A3956D46DE8}") = "ch01", "ch01", "{C8D5274F-AC00-46C7-1F8D-E88E81087A52}"
EndProject
Project("{2150E333-8FDC-42A3-9474-1A3956D46DE8}") = "ch02", "ch02", "{38831FAB-6714-487A-849C-B9700805C83E}"
EndProject
Project("{2150E333-8FDC-42A3-9474-1A3956D46DE8}") = "ch03", "ch03", "{B4C76816-7768-470B-A797-2198F8C9A570}"
EndProject
Project("{2150E333-8FDC-42A3-9474-1A3956D46DE8}") = "ch04", "ch04", "{87B845AA-5E10-4581-B5E8-EC4D337C2CF4}"
EndProject
Project("{2150E333-8FDC-42A3-9474-1A3956D46DE8}") = "ch05", "ch05", "{6A5AA055-142F-484C-AA08-BAEEB2F372A2}"
EndProject
Project("{2150E333-8FDC-42A3-9474-1A3956D46DE8}") = "ch06", "ch06", "{ECACB344-DD65-4CC1-92E5-E0A2B3924DFA}"
EndProject
Project("{8BC9CEB8-8B4A-11D0-8D11-00A0C91BC942}") = "01_hello_world", "ch01\01_hello_world\01_hello_world.vcxproj", "{2D812A81-8AA2-43F0-A327-0874A5D06C3D}"
EndProject
Project("{8BC9CEB8-8B4A-11D0-8D11-00A0C91BC942}") = "01_input_output", "ch02\01_input_output\01_input_output.vcxproj", "{40F283C4-1F73-4E7D-A16A-3F7B18B13803}"
EndProject
Project("{8BC9CEB8-8B4A-11D0-8D11-00A0C91BC942}") = "02_bool", "ch02\02_bool\02_bool.vcxproj", "{DF2E8123-B8F5-4D89-BD5A-3F59EC022356}"
EndProject
Project("{8BC9CEB8-8B4A-11D0-8D11-00A0C91BC942}") = "03_print_ASCII", "ch02\03_print_ASCII\03_print_ASCII.vcxproj", "{C8DDE6F5-B34B-474B-B8D0-9CD3B1E0B716}"
EndProject
Project("{8BC9CEB8-8B4A-11D0-8D11-00A0C91BC942}") = "04_UNICODE", "ch02\04_UNICODE\04_UNICODE.vcxproj", "{BFE25486-F9D8-4475-A0BB-39D53DF09CE0}"
EndProject
Project("{8BC9CEB8-8B4A-11D0-8D11-00A0C91BC942}") = "05_sizeof_data_types", "ch02\05_sizeof_data_types\05_sizeof_data_types.vcxproj", "{F9AD6D76-85BC-4A22-8209-1CB0DAAD3F8D}"
EndProject
Project("{8BC9CEB8-8B4A-11D0-8D11-00A0C91BC942}") = "06_floating_point", "ch02\06_floating_point\06_floating_point.vcxproj", "{8FF85C00-68D6-4163-A74A-97B40858ED82}"
EndProject
Project("{8BC9CEB8-8B4A-11D0-8D11-00A0C91BC942}") = "07_precision_floating_point", "ch02\07_precision_floating_point\07_precision_floating_point.vcxproj", "{A636F28F-55CC-4568-BAC9-005A8ABBD602}"
EndProject
Project("{8BC9CEB8-8B4A-11D0-8D11-00A0C91BC942}") = "08_local_variable", "ch02\08_local_variable\08_local_variable.vcxproj", "{7A760C85-E634-4DAD-AEA4-CF866E1CE300}"
EndProject
Project("{8BC9CEB8-8B4A-11D0-8D11-00A0C91BC942}") = "09_variables_global_vs_local", "ch02\09_variables_global_vs_local\09_variables_global_vs_local.vcxproj", "{4C6610AD-ECE5-44A5-B639-3AEAECA68CF9}"
EndProject
Project("{8BC9CEB8-8B4A-11D0-8D11-00A0C91BC942}") = "10_implicit_cast", "ch02\10_implicit_cast\10_implicit_cast.vcxproj", "{99E3E2C9-B974-41EF-B8EC-5DA7A35EAAE8}"
EndProject
Project("{8BC9CEB8-8B4A-11D0-8D11-00A0C91BC942}") = "11_explicit_cast", "ch02\11_explicit_cast\11_explicit_cast.vcxproj", "{B217E8F1-5221-4740-98E3-4591821D9E0B}"
EndProject
Project("{8BC9CEB8-8B4A-11D0-8D11-00A0C91BC942}") = "12_std_string", "ch02\12_std_string\12_std_string.vcxproj", "{A2F9CC65-407C-4534-8CE8-0BEEB722E6CD}"
EndProject
Project("{8BC9CEB8-8B4A-11D0-8D11-00A0C91BC942}") = "13_user_defined_literals", "ch02\13_user_defined_literals\13_user_defined_literals.vcxproj", "{1AE0585B-33C0-4D54-B611-0A94D17A500D}"
EndProject
Project("{8BC9CEB8-8B4A-11D0-8D11-00A0C91BC942}") = "14_pre_vs_post", "ch02\14_pre_vs_post\14_pre_vs_post.vcxproj", "{0F8EDE17-3FD1-48A2-B0BE-0299803E1809}"
EndProject
Project("{8BC9CEB8-8B4A-11D0-8D11-00A0C91BC942}") = "15_bitwise_NOT", "ch02\15_bitwise_NOT\15_bitwise_NOT.vcxproj", "{97461CAC-E60B-434A-937C-88267D9B1A19}"
EndProject
Project("{8BC9CEB8-8B4A-11D0-8D11-00A0C91BC942}") = "16_bitwise_AND", "ch02\16_bitwise_AND\16_bitwise_AND.vcxproj", "{4C32F9A5-CEC3-4509-971C-B2D4856E0DDD}"
EndProject
Project("{8BC9CEB8-8B4A-11D0-8D11-00A0C91BC942}") = "17_bitwise_OR", "ch02\17_bitwise_OR\17_bitwise_OR.vcxproj", "{ED66D214-D43B-4268-8248-95E6070240BF}"
EndProject
Project("{8BC9CEB8-8B4A-11D0-8D11-00A0C91BC942}") = "18_bitwise_XOR", "ch02\18_bitwise_XOR\18_bitwise_XOR.vcxproj", "{8E39AFC7-C917-4861-A522-9BDC376ED71B}"
EndProject
Project("{8BC9CEB8-8B4A-11D0-8D11-00A0C91BC942}") = "19_bitwise_shift", "ch02\19_bitwise_shift\19_bitwise_shift.vcxproj", "{D84187EA-F737-4846-A409-11723CC3622C}"
EndProject
Project("{8BC9CEB8-8B4A-11D0-8D11-00A0C91BC942}") = "20_if_vs_ternary_1", "ch02\20_if_vs_ternary_1\20_if_vs_ternary_1.vcxproj", "{8DC29427-81D6-4CF2-A23F-8911F424BB83}"
EndProject
Project("{8BC9CEB8-8B4A-11D0-8D11-00A0C91BC942}") = "21_if_vs_ternary_2", "ch02\21_if_vs_ternary_2\21_if_vs_ternary_2.vcxproj", "{D0B5B5CA-9E90-478B-9436-3E8DB188935E}"
EndProject
Project("{8BC9CEB8-8B4A-11D0-8D11-00A0C91BC942}") = "22_operator_precedence", "ch02\22_operator_precedence\22_operator_precedence.vcxproj", "{10FDD247-1644-41A3-BB73-12C84EFB633E}"
EndProject
Project("{8BC9CEB8-8B4A-11D0-8D11-00A0C91BC942}") = "01_pointer", "ch03\01_pointer\01_pointer.vcxproj", "{CCCE0DE0-04F4-4FD0-9BCE-CE767EB50A0F}"
EndProject
Project("{8BC9CEB8-8B4A-11D0-8D11-00A0C91BC942}") = "02_array", "ch03\02_array\02_array.vcxproj", "{D4750758-3E21-441F-9996-54AA67B02940}"
EndProject
Project("{8BC9CEB8-8B4A-11D0-8D11-00A0C91BC942}") = "03_array_address", "ch03\03_array_address\03_array_address.vcxproj", "{D60B8A43-D4BB-4DE8-92DB-FA109B2E74CA}"
EndProject
Project("{8BC9CEB8-8B4A-11D0-8D11-00A0C91BC942}") = "04_array_pointer_1", "ch03\04_array_pointer_1\04_array_pointer_1.vcxproj", "{9EBDDF19-6D85-4C03-BAA8-5636C1387EF3}"
EndProject
Project("{8BC9CEB8-8B4A-11D0-8D11-00A0C91BC942}") = "05_array_pointer_2", "ch03\05_array_pointer_2\05_array_pointer_2.vcxproj", "{41E570F2-BBAA-48D4-AABA-52FC11054880}"
EndProject
Project("{8BC9CEB8-8B4A-11D0-8D11-00A0C91BC942}") = "06_array_pointer_3", "ch03\06_array_pointer_3\06_array_pointer_3.vcxproj", "{5EB768A9-9510-4330-A470-59B43FB7C7F5}"
EndProject
Project("{8BC9CEB8-8B4A-11D0-8D11-00A0C91BC942}") = "07_new_and_delete", "ch03\07_new_and_delete\07_new_and_delete.vcxproj", "{824165E1-DE16-4B54-A32A-18E8FB4426A3}"
EndProject
Project("{8BC9CEB8-8B4A-11D0-8D11-00A0C91BC942}") = "08_new_delete_array", "ch03\08_new_delete_array\08_new_delete_array.vcxproj", "{20B9DC35-AA57-4BBE-91BF-09A80C36C354}"
EndProject
Project("{8BC9CEB8-8B4A-11D0-8D11-00A0C91BC942}") = "09_dynamic_memory_bakery", "ch03\09_dynamic_memory_bakery\09_dynamic_memory_bakery.vcxproj", "{791AEF5A-152A-4128-9959-12E297EC2D41}"
EndProject
Project("{8BC9CEB8-8B4A-11D0-8D11-00A0C91BC942}") = "10_function", "ch03\10_function\10_function.vcxproj", "{EA1A5BEC-D9D7-4AE5-A660-5E4C22292A9B}"
EndProject
Project("{8BC9CEB8-8B4A-11D0-8D11-00A0C91BC942}") = "11_arguments_value", "ch03\11_arguments_value\11_arguments_value.vcxproj", "{91D1D9F0-8757-492B-A719-BED78E470A37}"
EndProject
Project("{8BC9CEB8-8B4A-11D0-8D11-00A0C91BC942}") = "12_arguments_pointer", "ch03\12_arguments_pointer\12_arguments_pointer.vcxproj", "{F56F9490-08C6-4340-B743-2FA9A6B033A5}"
EndProject
Project("{8BC9CEB8-8B4A-11D0-8D11-00A0C91BC942}") = "13_arguments_array", "ch03\13_arguments_array\13_arguments_array.vcxproj", "{DCE13CA9-6AD7-45BA-8756-1438C41B0F76}"
EndProject
Project("{8BC9CEB8-8B4A-11D0-8D11-00A0C91BC942}") = "14_arguments_structure", "ch03\14_arguments_structure\14_arguments_structure.vcxproj", "{639D6160-D546-4005-A3CD-F005266BF9B5}"
EndProject
Project("{8BC9CEB8-8B4A-11D0-8D11-00A0C91BC942}") = "15_static_variable_1", "ch03\15_static_variable_1\15_static_variable_1.vcxproj", "{FB6834E6-F203-4A13-BE92-DAD28295E90B}"
EndProject
Project("{8BC9CEB8-8B4A-11D0-8D11-00A0C91BC942}") = "16_static_variable_2", "ch03\16_static_variable_2\16_static_variable_2.vcxproj", "{885BE32A-C747-4CC3-B42F-8890267A902C}"
EndProject
Project("{8BC9CEB8-8B4A-11D0-8D11-00A0C91BC942}") = "17_call_by_value", "ch03\17_call_by_value\17_call_by_value.vcxproj", "{6D6E79FA-4D34-4224-8888-DE0107EB7371}"
EndProject
Project("{8BC9CEB8-8B4A-11D0-8D11-00A0C91BC942}") = "18_call_by_reference", "ch03\18_call_by_reference\18_call_by_reference.vcxproj", "{0A118BBB-F016-4547-8CBB-2DF056C70F19}"
EndProject
Project("{8BC9CEB8-8B4A-11D0-8D11-00A0C91BC942}") = "19_reassign_reference_fail_test", "ch03\19_reassign_reference_fail_test\19_reassign_reference_fail_test.vcxproj", "{28E9E743-86FE-47A1-AEC2-8FE89EB0F0F1}"
EndProject
Project("{8BC9CEB8-8B4A-11D0-8D11-00A0C91BC942}") = "01_if_1", "ch04\01_if_1\01_if_1.vcxproj", "{B9C6A832-DD61-4C14-9322-52536F606309}"
EndProject
Project("{8BC9CEB8-8B4A-11D0-8D11-00A0C91BC942}") = "02_if_2", "ch04\02_if_2\02_if_2.vcxproj", "{B7B26547-B4E2-48D9-B3E7-DAD3C20FCD6A}"
EndProject
Project("{8BC9CEB8-8B4A-11D0-8D11-00A0C91BC942}") = "03_switch_1", "ch04\03_switch_1\03_switch_1.vcxproj", "{81BEF0F6-9108-4F1B-869F-3341463A06D8}"
EndProject
Project("{8BC9CEB8-8B4A-11D0-8D11-00A0C91BC942}") = "04_switch_2", "ch04\04_switch_2\04_switch_2.vcxproj", "{CF13C79A-9B11-41F1-B612-C7FB57CF6C46}"
EndProject
Project("{8BC9CEB8-8B4A-11D0-8D11-00A0C91BC942}") = "05_while", "ch04\05_while\05_while.vcxproj", "{9A79CEE7-BAC9-45B8-8CA1-A54D6057ACA6}"
EndProject
Project("{8BC9CEB8-8B4A-11D0-8D11-00A0C91BC942}") = "06_do_while", "ch04\06_do_while\06_do_while.vcxproj", "{ABBEE1C8-0ECC-4507-B541-A0CAF5FEFA21}"
EndProject
Project("{8BC9CEB8-8B4A-11D0-8D11-00A0C91BC942}") = "07_while_vs_dowhile", "ch04\07_while_vs_dowhile\07_while_vs_dowhile.vcxproj", "{4269F610-0DB6-4C75-A46D-6E491C7B5821}"
EndProject
Project("{8BC9CEB8-8B4A-11D0-8D11-00A0C91BC942}") = "08_for", "ch04\08_for\08_for.vcxproj", "{3CD5E6BB-9302-4F94-9673-0CF650F9AE04}"
EndProject
Project("{8BC9CEB8-8B4A-11D0-8D11-00A0C91BC942}") = "09_break", "ch04\09_break\09_break.vcxproj", "{485EF70A-69F2-4BFC-ABCE-E66922A66ED7}"
EndProject
Project("{8BC9CEB8-8B4A-11D0-8D11-00A0C91BC942}") = "01_try_throw_catch_1", "ch05\01_try_throw_catch_1\01_try_throw_catch_1.vcxproj", "{9EA0F4F3-D146-470F-AA00-77E88F1A8E88}"
EndProject
Project("{8BC9CEB8-8B4A-11D0-8D11-00A0C91BC942}") = "02_try_throw_catch_2", "ch05\02_try_throw_catch_2\02_try_throw_catch_2.vcxproj", "{CBA869EA-3510-423E-90A0-FBDC27D383A3}"
EndProject
Project("{8BC9CEB8-8B4A-11D0-8D11-00A0C91BC942}") = "03_stack_unwinding_1", "ch05\03_stack_unwinding_1\03_stack_unwinding_1.vcxproj", "{FF018CD7-E1DA-4864-B963-8891D42DCE2E}"
EndProject
Project("{8BC9CEB8-8B4A-11D0-8D11-00A0C91BC942}") = "04_stack_unwinding_2", "ch05\04_stack_unwinding_2\04_stack_unwinding_2.vcxproj", "{A947B8FB-5C7B-4CB9-A2B1-C366BEB77894}"
EndProject
Project("{8BC9CEB8-8B4A-11D0-8D11-00A0C91BC942}") = "05_assert", "ch05\05_assert\05_assert.vcxproj", "{4D3AAEEB-6882-4D85-990B-1F74A79B54D1}"
EndProject
Project("{8BC9CEB8-8B4A-11D0-8D11-00A0C91BC942}") = "06_set_terminate", "ch05\06_set_terminate\06_set_terminate.vcxproj", "{14866DEE-A8FC-4EE4-AC01-F3CEA11F7582}"
EndProject
Project("{8BC9CEB8-8B4A-11D0-8D11-00A0C91BC942}") = "01_adative_cruise_modeling", "ch06\01_adative_cruise_modeling\01_adative_cruise_modeling.vcxproj", "{79FA6849-C358-41DE-974D-53843DBB9C9A}"
EndProject
Project("{8BC9CEB8-8B4A-11D0-8D11-00A0C91BC942}") = "01_bank", "ch07\01_bank\01_bank.vcxproj", "{01DA9924-6D42-4A96-AAC1-DD7EF1AA5093}"
EndProject
Project("{2150E333-8FDC-42A3-9474-1A3956D46DE8}") = "ch07", "ch07", "{7C7DDA75-3B36-43B2-853C-8930042743E3}"
EndProject
Project("{8BC9CEB8-8B4A-11D0-8D11-00A0C91BC942}") = "02_bank_access_error", "ch07\02_bank_access_error\02_bank_access_error.vcxproj", "{61966EC7-81E9-481F-BFB1-1A803ADB460D}"
EndProject
Project("{8BC9CEB8-8B4A-11D0-8D11-00A0C91BC942}") = "03_monster_class", "ch07\03_monster_class\03_monster_class.vcxproj", "{DBF6E605-2E29-4B4E-A847-7CD57C273D4E}"
EndProject
Project("{8BC9CEB8-8B4A-11D0-8D11-00A0C91BC942}") = "04_backward_compatibility", "ch07\04_backward_compatibility\04_backward_compatibility.vcxproj", "{141956CE-3F60-485B-8B69-281FAF5E151A}"
EndProject
Project("{8BC9CEB8-8B4A-11D0-8D11-00A0C91BC942}") = "05_moster_class_override", "ch07\05_moster_class_override\05_moster_class_override.vcxproj", "{DFE1D4AA-1597-414A-969C-0A7D2A430627}"
EndProject
Project("{8BC9CEB8-8B4A-11D0-8D11-00A0C91BC942}") = "06_monster_reference_call", "ch07\06_monster_reference_call\06_monster_reference_call.vcxproj", "{693A4CE6-0C0C-49E3-AB44-54E9319A0B43}"
EndProject
Project("{8BC9CEB8-8B4A-11D0-8D11-00A0C91BC942}") = "07_monster_virtual_function", "ch07\07_monster_virtual_function\07_monster_virtual_function.vcxproj", "{9D6922C0-B5A3-4ABF-A158-B3F4F8BE5FE9}"
EndProject
Project("{8BC9CEB8-8B4A-11D0-8D11-00A0C91BC942}") = "08_basic_constructor", "ch07\08_basic_constructor\08_basic_constructor.vcxproj", "{0C329266-0553-4056-906A-93B6BFB69953}"
EndProject
Project("{8BC9CEB8-8B4A-11D0-8D11-00A0C91BC942}") = "09_inheritance_constructor", "ch07\09_inheritance_constructor\09_inheritance_constructor.vcxproj", "{3548748D-0FD2-4C8D-9754-33A75428B776}"
EndProject
Project("{8BC9CEB8-8B4A-11D0-8D11-00A0C91BC942}") = "11_call_on_constructor", "ch07\11_call_on_constructor\11_call_on_constructor.vcxproj", "{0191D050-AAD0-44D4-9AC5-C77039DA7828}"
EndProject
Project("{8BC9CEB8-8B4A-11D0-8D11-00A0C91BC942}") = "12_initialization_constructor", "ch07\12_initialization_constructor\12_initialization_constructor.vcxproj", "{63084230-938C-4093-84D3-5B0B1AAD109B}"
EndProject
Project("{8BC9CEB8-8B4A-11D0-8D11-00A0C91BC942}") = "13_initialize_member_variables", "ch07\13_initialize_member_variables\13_initialize_member_variables.vcxproj", "{84A95116-3899-457A-A46D-908BBC6B9A81}"
EndProject
Project("{8BC9CEB8-8B4A-11D0-8D11-00A0C91BC942}") = "14_shallow_copy_constructor", "ch07\14_shallow_copy_constructor\14_shallow_copy_constructor.vcxproj", "{E9AD2777-3491-4B41-A737-C9D92FD5D175}"
EndProject
Project("{8BC9CEB8-8B4A-11D0-8D11-00A0C91BC942}") = "15_copy_constructor", "ch07\15_copy_constructor\15_copy_constructor.vcxproj", "{B3513E64-1796-4181-B994-1591E34FD406}"
EndProject
Project("{8BC9CEB8-8B4A-11D0-8D11-00A0C91BC942}") = "10_constructor_with_parameter", "ch07\10_constructor_with_parameter\10_constructor_with_parameter.vcxproj", "{A47E4618-BEA8-4492-BF8F-86DED27ECF8B}"
EndProject
Project("{8BC9CEB8-8B4A-11D0-8D11-00A0C91BC942}") = "16_basic_destructor", "ch07\16_basic_destructor\16_basic_destructor.vcxproj", "{AA15F157-2A2F-4FF7-94CB-658F13CB307D}"
EndProject
Project("{8BC9CEB8-8B4A-11D0-8D11-00A0C91BC942}") = "17_liskov_principle_destructor", "ch07\17_liskov_principle_destructor\17_liskov_principle_destructor.vcxproj", "{F61C7FE6-2A11-4A9A-8372-60FB8671A4F8}"
EndProject
Project("{8BC9CEB8-8B4A-11D0-8D11-00A0C91BC942}") = "18_virtual_destructor", "ch07\18_virtual_destructor\18_virtual_destructor.vcxproj", "{EE3F64B3-5421-4A18-8F2E-2FB379BED7F3}"
EndProject
Project("{8BC9CEB8-8B4A-11D0-8D11-00A0C91BC942}") = "23_operator_overload_monster", "ch07\23_operator_overload_monster\23_operator_overload_monster.vcxproj", "{4F136F5F-759B-411D-808A-9B954F318708}"
EndProject
Project("{8BC9CEB8-8B4A-11D0-8D11-00A0C91BC942}") = "24_op_overload_different_class", "ch07\24_op_overload_different_class\24_op_overload_different_class.vcxproj", "{A22641EF-D62A-4E89-8CBF-121C06FC77F4}"
EndProject
Project("{8BC9CEB8-8B4A-11D0-8D11-00A0C91BC942}") = "25_member_variable_access", "ch07\25_member_variable_access\25_member_variable_access.vcxproj", "{C907659A-FA52-4D4A-A09D-DA2E84FAB896}"
EndProject
Project("{8BC9CEB8-8B4A-11D0-8D11-00A0C91BC942}") = "26_encapsulation_applied", "ch07\26_encapsulation_applied\26_encapsulation_applied.vcxproj", "{97869D93-A01F-4EF8-8475-668091675F4B}"
EndProject
Project("{8BC9CEB8-8B4A-11D0-8D11-00A0C91BC942}") = "19_simple_bank", "ch07\19_simple_bank\19_simple_bank.vcxproj", "{34FCC30B-8576-4AB5-BA7B-F1415D6DFB82}"
EndProject
Project("{8BC9CEB8-8B4A-11D0-8D11-00A0C91BC942}") = "20_this_pointer", "ch07\20_this_pointer\20_this_pointer.vcxproj", "{7951BF78-9236-4A0B-88AE-EB3957FF6965}"
EndProject
Project("{8BC9CEB8-8B4A-11D0-8D11-00A0C91BC942}") = "21_function_chaining", "ch07\21_function_chaining\21_function_chaining.vcxproj", "{514CCA70-BAA6-4382-99D8-D3B04C3693FE}"
EndProject
Project("{8BC9CEB8-8B4A-11D0-8D11-00A0C91BC942}") = "22_function_overload", "ch07\22_function_overload\22_function_overload.vcxproj", "{61E9A579-715B-44E6-A3DD-1721D4FABF1E}"
EndProject
Project("{8BC9CEB8-8B4A-11D0-8D11-00A0C91BC942}") = "01_composition_n_aggregation", "ch08\01_composition_n_aggregation\01_composition_n_aggregation.vcxproj", "{C4408690-93A7-410F-A36B-AB27543122E1}"
EndProject
Project("{2150E333-8FDC-42A3-9474-1A3956D46DE8}") = "ch08", "ch08", "{AA7DD662-7468-4970-95CE-7024C886D9D7}"
EndProject
Project("{8BC9CEB8-8B4A-11D0-8D11-00A0C91BC942}") = "02_basic_virtual_function", "ch08\02_basic_virtual_function\02_basic_virtual_function.vcxproj", "{3DD1AF87-9DC1-479C-9BE1-080BB52EC744}"
EndProject
Project("{8BC9CEB8-8B4A-11D0-8D11-00A0C91BC942}") = "03_mon_function_override", "ch08\03_mon_function_override\03_mon_function_override.vcxproj", "{A88C3EB9-BF4F-4A6C-A0E0-8112DCEBAE3E}"
EndProject
Project("{8BC9CEB8-8B4A-11D0-8D11-00A0C91BC942}") = "04_function_dynamic_binding", "ch08\04_function_dynamic_binding\04_function_dynamic_binding.vcxproj", "{5356174E-E483-417A-B451-2A854A031760}"
EndProject
Project("{8BC9CEB8-8B4A-11D0-8D11-00A0C91BC942}") = "05_pure_virtual_function_error", "ch08\05_pure_virtual_function_error\05_pure_virtual_function_error.vcxproj", "{00DA75A3-F9C3-4982-AC92-C3D51EF34144}"
EndProject
Project("{8BC9CEB8-8B4A-11D0-8D11-00A0C91BC942}") = "06_pure_virtual_function", "ch08\06_pure_virtual_function\06_pure_virtual_function.vcxproj", "{13CAEF42-1F38-49C7-96DB-AD64C8D1C35C}"
EndProject
Project("{8BC9CEB8-8B4A-11D0-8D11-00A0C91BC942}") = "07_monster_destructor", "ch08\07_monster_destructor\07_monster_destructor.vcxproj", "{4657302F-CB13-4B62-B1D5-0DE3EDAA35D3}"
EndProject
Project("{8BC9CEB8-8B4A-11D0-8D11-00A0C91BC942}") = "08_upcasting_destructor", "ch08\08_upcasting_destructor\08_upcasting_destructor.vcxproj", "{8CCA100F-14EF-4D35-BB16-B7BFE3F80366}"
EndProject
Project("{8BC9CEB8-8B4A-11D0-8D11-00A0C91BC942}") = "09_virtual_destructor_second", "ch08\09_virtual_destructor_second\09_virtual_destructor_second.vcxproj", "{6150397F-4524-4767-9404-D8E41A3371F6}"
EndProject
Project("{8BC9CEB8-8B4A-11D0-8D11-00A0C91BC942}") = "10_monster_find_route", "ch08\10_monster_find_route\10_monster_find_route.vcxproj", "{3CB3DD1A-2B11-438B-BE56-C636E5EA1085}"
EndProject
Project("{8BC9CEB8-8B4A-11D0-8D11-00A0C91BC942}") = "11_static_class_members", "ch08\11_static_class_members\11_static_class_members.vcxproj", "{C8999AF0-A9FE-4FFB-B726-2233D1954311}"
EndProject
Project("{8BC9CEB8-8B4A-11D0-8D11-00A0C91BC942}") = "12_monster_factory_pattern", "ch08\12_monster_factory_pattern\12_monster_factory_pattern.vcxproj", "{E815D402-2B77-4B66-904A-4354C75B2A78}"
EndProject
Project("{2150E333-8FDC-42A3-9474-1A3956D46DE8}") = "ch09", "ch09", "{1FA21255-E57B-447D-86EB-B5E83D3B20A3}"
EndProject
Project("{8BC9CEB8-8B4A-11D0-8D11-00A0C91BC942}") = "01_template_method_monster", "ch09\01_template_method_monster\01_template_method_monster.vcxproj", "{CCDD6CB3-FC72-46BD-A34D-EE60A53C90EA}"
EndProject
Global
	GlobalSection(SolutionConfigurationPlatforms) = preSolution
		Debug|x64 = Debug|x64
		Debug|x86 = Debug|x86
		Release|x64 = Release|x64
		Release|x86 = Release|x86
	EndGlobalSection
	GlobalSection(ProjectConfigurationPlatforms) = postSolution
		{2D812A81-8AA2-43F0-A327-0874A5D06C3D}.Debug|x64.ActiveCfg = Debug|x64
		{2D812A81-8AA2-43F0-A327-0874A5D06C3D}.Debug|x64.Build.0 = Debug|x64
		{2D812A81-8AA2-43F0-A327-0874A5D06C3D}.Debug|x86.ActiveCfg = Debug|Win32
		{2D812A81-8AA2-43F0-A327-0874A5D06C3D}.Debug|x86.Build.0 = Debug|Win32
		{2D812A81-8AA2-43F0-A327-0874A5D06C3D}.Release|x64.ActiveCfg = Release|x64
		{2D812A81-8AA2-43F0-A327-0874A5D06C3D}.Release|x64.Build.0 = Release|x64
		{2D812A81-8AA2-43F0-A327-0874A5D06C3D}.Release|x86.ActiveCfg = Release|Win32
		{2D812A81-8AA2-43F0-A327-0874A5D06C3D}.Release|x86.Build.0 = Release|Win32
		{40F283C4-1F73-4E7D-A16A-3F7B18B13803}.Debug|x64.ActiveCfg = Debug|x64
		{40F283C4-1F73-4E7D-A16A-3F7B18B13803}.Debug|x64.Build.0 = Debug|x64
		{40F283C4-1F73-4E7D-A16A-3F7B18B13803}.Debug|x86.ActiveCfg = Debug|Win32
		{40F283C4-1F73-4E7D-A16A-3F7B18B13803}.Debug|x86.Build.0 = Debug|Win32
		{40F283C4-1F73-4E7D-A16A-3F7B18B13803}.Release|x64.ActiveCfg = Release|x64
		{40F283C4-1F73-4E7D-A16A-3F7B18B13803}.Release|x64.Build.0 = Release|x64
		{40F283C4-1F73-4E7D-A16A-3F7B18B13803}.Release|x86.ActiveCfg = Release|Win32
		{40F283C4-1F73-4E7D-A16A-3F7B18B13803}.Release|x86.Build.0 = Release|Win32
		{DF2E8123-B8F5-4D89-BD5A-3F59EC022356}.Debug|x64.ActiveCfg = Debug|x64
		{DF2E8123-B8F5-4D89-BD5A-3F59EC022356}.Debug|x64.Build.0 = Debug|x64
		{DF2E8123-B8F5-4D89-BD5A-3F59EC022356}.Debug|x86.ActiveCfg = Debug|Win32
		{DF2E8123-B8F5-4D89-BD5A-3F59EC022356}.Debug|x86.Build.0 = Debug|Win32
		{DF2E8123-B8F5-4D89-BD5A-3F59EC022356}.Release|x64.ActiveCfg = Release|x64
		{DF2E8123-B8F5-4D89-BD5A-3F59EC022356}.Release|x64.Build.0 = Release|x64
		{DF2E8123-B8F5-4D89-BD5A-3F59EC022356}.Release|x86.ActiveCfg = Release|Win32
		{DF2E8123-B8F5-4D89-BD5A-3F59EC022356}.Release|x86.Build.0 = Release|Win32
		{C8DDE6F5-B34B-474B-B8D0-9CD3B1E0B716}.Debug|x64.ActiveCfg = Debug|x64
		{C8DDE6F5-B34B-474B-B8D0-9CD3B1E0B716}.Debug|x64.Build.0 = Debug|x64
		{C8DDE6F5-B34B-474B-B8D0-9CD3B1E0B716}.Debug|x86.ActiveCfg = Debug|Win32
		{C8DDE6F5-B34B-474B-B8D0-9CD3B1E0B716}.Debug|x86.Build.0 = Debug|Win32
		{C8DDE6F5-B34B-474B-B8D0-9CD3B1E0B716}.Release|x64.ActiveCfg = Release|x64
		{C8DDE6F5-B34B-474B-B8D0-9CD3B1E0B716}.Release|x64.Build.0 = Release|x64
		{C8DDE6F5-B34B-474B-B8D0-9CD3B1E0B716}.Release|x86.ActiveCfg = Release|Win32
		{C8DDE6F5-B34B-474B-B8D0-9CD3B1E0B716}.Release|x86.Build.0 = Release|Win32
		{BFE25486-F9D8-4475-A0BB-39D53DF09CE0}.Debug|x64.ActiveCfg = Debug|x64
		{BFE25486-F9D8-4475-A0BB-39D53DF09CE0}.Debug|x64.Build.0 = Debug|x64
		{BFE25486-F9D8-4475-A0BB-39D53DF09CE0}.Debug|x86.ActiveCfg = Debug|Win32
		{BFE25486-F9D8-4475-A0BB-39D53DF09CE0}.Debug|x86.Build.0 = Debug|Win32
		{BFE25486-F9D8-4475-A0BB-39D53DF09CE0}.Release|x64.ActiveCfg = Release|x64
		{BFE25486-F9D8-4475-A0BB-39D53DF09CE0}.Release|x64.Build.0 = Release|x64
		{BFE25486-F9D8-4475-A0BB-39D53DF09CE0}.Release|x86.ActiveCfg = Release|Win32
		{BFE25486-F9D8-4475-A0BB-39D53DF09CE0}.Release|x86.Build.0 = Release|Win32
		{F9AD6D76-85BC-4A22-8209-1CB0DAAD3F8D}.Debug|x64.ActiveCfg = Debug|x64
		{F9AD6D76-85BC-4A22-8209-1CB0DAAD3F8D}.Debug|x64.Build.0 = Debug|x64
		{F9AD6D76-85BC-4A22-8209-1CB0DAAD3F8D}.Debug|x86.ActiveCfg = Debug|Win32
		{F9AD6D76-85BC-4A22-8209-1CB0DAAD3F8D}.Debug|x86.Build.0 = Debug|Win32
		{F9AD6D76-85BC-4A22-8209-1CB0DAAD3F8D}.Release|x64.ActiveCfg = Release|x64
		{F9AD6D76-85BC-4A22-8209-1CB0DAAD3F8D}.Release|x64.Build.0 = Release|x64
		{F9AD6D76-85BC-4A22-8209-1CB0DAAD3F8D}.Release|x86.ActiveCfg = Release|Win32
		{F9AD6D76-85BC-4A22-8209-1CB0DAAD3F8D}.Release|x86.Build.0 = Release|Win32
		{8FF85C00-68D6-4163-A74A-97B40858ED82}.Debug|x64.ActiveCfg = Debug|x64
		{8FF85C00-68D6-4163-A74A-97B40858ED82}.Debug|x64.Build.0 = Debug|x64
		{8FF85C00-68D6-4163-A74A-97B40858ED82}.Debug|x86.ActiveCfg = Debug|Win32
		{8FF85C00-68D6-4163-A74A-97B40858ED82}.Debug|x86.Build.0 = Debug|Win32
		{8FF85C00-68D6-4163-A74A-97B40858ED82}.Release|x64.ActiveCfg = Release|x64
		{8FF85C00-68D6-4163-A74A-97B40858ED82}.Release|x64.Build.0 = Release|x64
		{8FF85C00-68D6-4163-A74A-97B40858ED82}.Release|x86.ActiveCfg = Release|Win32
		{8FF85C00-68D6-4163-A74A-97B40858ED82}.Release|x86.Build.0 = Release|Win32
		{A636F28F-55CC-4568-BAC9-005A8ABBD602}.Debug|x64.ActiveCfg = Debug|x64
		{A636F28F-55CC-4568-BAC9-005A8ABBD602}.Debug|x64.Build.0 = Debug|x64
		{A636F28F-55CC-4568-BAC9-005A8ABBD602}.Debug|x86.ActiveCfg = Debug|Win32
		{A636F28F-55CC-4568-BAC9-005A8ABBD602}.Debug|x86.Build.0 = Debug|Win32
		{A636F28F-55CC-4568-BAC9-005A8ABBD602}.Release|x64.ActiveCfg = Release|x64
		{A636F28F-55CC-4568-BAC9-005A8ABBD602}.Release|x64.Build.0 = Release|x64
		{A636F28F-55CC-4568-BAC9-005A8ABBD602}.Release|x86.ActiveCfg = Release|Win32
		{A636F28F-55CC-4568-BAC9-005A8ABBD602}.Release|x86.Build.0 = Release|Win32
		{7A760C85-E634-4DAD-AEA4-CF866E1CE300}.Debug|x64.ActiveCfg = Debug|x64
		{7A760C85-E634-4DAD-AEA4-CF866E1CE300}.Debug|x64.Build.0 = Debug|x64
		{7A760C85-E634-4DAD-AEA4-CF866E1CE300}.Debug|x86.ActiveCfg = Debug|Win32
		{7A760C85-E634-4DAD-AEA4-CF866E1CE300}.Debug|x86.Build.0 = Debug|Win32
		{7A760C85-E634-4DAD-AEA4-CF866E1CE300}.Release|x64.ActiveCfg = Release|x64
		{7A760C85-E634-4DAD-AEA4-CF866E1CE300}.Release|x64.Build.0 = Release|x64
		{7A760C85-E634-4DAD-AEA4-CF866E1CE300}.Release|x86.ActiveCfg = Release|Win32
		{7A760C85-E634-4DAD-AEA4-CF866E1CE300}.Release|x86.Build.0 = Release|Win32
		{4C6610AD-ECE5-44A5-B639-3AEAECA68CF9}.Debug|x64.ActiveCfg = Debug|x64
		{4C6610AD-ECE5-44A5-B639-3AEAECA68CF9}.Debug|x64.Build.0 = Debug|x64
		{4C6610AD-ECE5-44A5-B639-3AEAECA68CF9}.Debug|x86.ActiveCfg = Debug|Win32
		{4C6610AD-ECE5-44A5-B639-3AEAECA68CF9}.Debug|x86.Build.0 = Debug|Win32
		{4C6610AD-ECE5-44A5-B639-3AEAECA68CF9}.Release|x64.ActiveCfg = Release|x64
		{4C6610AD-ECE5-44A5-B639-3AEAECA68CF9}.Release|x64.Build.0 = Release|x64
		{4C6610AD-ECE5-44A5-B639-3AEAECA68CF9}.Release|x86.ActiveCfg = Release|Win32
		{4C6610AD-ECE5-44A5-B639-3AEAECA68CF9}.Release|x86.Build.0 = Release|Win32
		{99E3E2C9-B974-41EF-B8EC-5DA7A35EAAE8}.Debug|x64.ActiveCfg = Debug|x64
		{99E3E2C9-B974-41EF-B8EC-5DA7A35EAAE8}.Debug|x64.Build.0 = Debug|x64
		{99E3E2C9-B974-41EF-B8EC-5DA7A35EAAE8}.Debug|x86.ActiveCfg = Debug|Win32
		{99E3E2C9-B974-41EF-B8EC-5DA7A35EAAE8}.Debug|x86.Build.0 = Debug|Win32
		{99E3E2C9-B974-41EF-B8EC-5DA7A35EAAE8}.Release|x64.ActiveCfg = Release|x64
		{99E3E2C9-B974-41EF-B8EC-5DA7A35EAAE8}.Release|x64.Build.0 = Release|x64
		{99E3E2C9-B974-41EF-B8EC-5DA7A35EAAE8}.Release|x86.ActiveCfg = Release|Win32
		{99E3E2C9-B974-41EF-B8EC-5DA7A35EAAE8}.Release|x86.Build.0 = Release|Win32
		{B217E8F1-5221-4740-98E3-4591821D9E0B}.Debug|x64.ActiveCfg = Debug|x64
		{B217E8F1-5221-4740-98E3-4591821D9E0B}.Debug|x64.Build.0 = Debug|x64
		{B217E8F1-5221-4740-98E3-4591821D9E0B}.Debug|x86.ActiveCfg = Debug|Win32
		{B217E8F1-5221-4740-98E3-4591821D9E0B}.Debug|x86.Build.0 = Debug|Win32
		{B217E8F1-5221-4740-98E3-4591821D9E0B}.Release|x64.ActiveCfg = Release|x64
		{B217E8F1-5221-4740-98E3-4591821D9E0B}.Release|x64.Build.0 = Release|x64
		{B217E8F1-5221-4740-98E3-4591821D9E0B}.Release|x86.ActiveCfg = Release|Win32
		{B217E8F1-5221-4740-98E3-4591821D9E0B}.Release|x86.Build.0 = Release|Win32
		{A2F9CC65-407C-4534-8CE8-0BEEB722E6CD}.Debug|x64.ActiveCfg = Debug|x64
		{A2F9CC65-407C-4534-8CE8-0BEEB722E6CD}.Debug|x64.Build.0 = Debug|x64
		{A2F9CC65-407C-4534-8CE8-0BEEB722E6CD}.Debug|x86.ActiveCfg = Debug|Win32
		{A2F9CC65-407C-4534-8CE8-0BEEB722E6CD}.Debug|x86.Build.0 = Debug|Win32
		{A2F9CC65-407C-4534-8CE8-0BEEB722E6CD}.Release|x64.ActiveCfg = Release|x64
		{A2F9CC65-407C-4534-8CE8-0BEEB722E6CD}.Release|x64.Build.0 = Release|x64
		{A2F9CC65-407C-4534-8CE8-0BEEB722E6CD}.Release|x86.ActiveCfg = Release|Win32
		{A2F9CC65-407C-4534-8CE8-0BEEB722E6CD}.Release|x86.Build.0 = Release|Win32
		{1AE0585B-33C0-4D54-B611-0A94D17A500D}.Debug|x64.ActiveCfg = Debug|x64
		{1AE0585B-33C0-4D54-B611-0A94D17A500D}.Debug|x64.Build.0 = Debug|x64
		{1AE0585B-33C0-4D54-B611-0A94D17A500D}.Debug|x86.ActiveCfg = Debug|Win32
		{1AE0585B-33C0-4D54-B611-0A94D17A500D}.Debug|x86.Build.0 = Debug|Win32
		{1AE0585B-33C0-4D54-B611-0A94D17A500D}.Release|x64.ActiveCfg = Release|x64
		{1AE0585B-33C0-4D54-B611-0A94D17A500D}.Release|x64.Build.0 = Release|x64
		{1AE0585B-33C0-4D54-B611-0A94D17A500D}.Release|x86.ActiveCfg = Release|Win32
		{1AE0585B-33C0-4D54-B611-0A94D17A500D}.Release|x86.Build.0 = Release|Win32
		{0F8EDE17-3FD1-48A2-B0BE-0299803E1809}.Debug|x64.ActiveCfg = Debug|x64
		{0F8EDE17-3FD1-48A2-B0BE-0299803E1809}.Debug|x64.Build.0 = Debug|x64
		{0F8EDE17-3FD1-48A2-B0BE-0299803E1809}.Debug|x86.ActiveCfg = Debug|Win32
		{0F8EDE17-3FD1-48A2-B0BE-0299803E1809}.Debug|x86.Build.0 = Debug|Win32
		{0F8EDE17-3FD1-48A2-B0BE-0299803E1809}.Release|x64.ActiveCfg = Release|x64
		{0F8EDE17-3FD1-48A2-B0BE-0299803E1809}.Release|x64.Build.0 = Release|x64
		{0F8EDE17-3FD1-48A2-B0BE-0299803E1809}.Release|x86.ActiveCfg = Release|Win32
		{0F8EDE17-3FD1-48A2-B0BE-0299803E1809}.Release|x86.Build.0 = Release|Win32
		{97461CAC-E60B-434A-937C-88267D9B1A19}.Debug|x64.ActiveCfg = Debug|x64
		{97461CAC-E60B-434A-937C-88267D9B1A19}.Debug|x64.Build.0 = Debug|x64
		{97461CAC-E60B-434A-937C-88267D9B1A19}.Debug|x86.ActiveCfg = Debug|Win32
		{97461CAC-E60B-434A-937C-88267D9B1A19}.Debug|x86.Build.0 = Debug|Win32
		{97461CAC-E60B-434A-937C-88267D9B1A19}.Release|x64.ActiveCfg = Release|x64
		{97461CAC-E60B-434A-937C-88267D9B1A19}.Release|x64.Build.0 = Release|x64
		{97461CAC-E60B-434A-937C-88267D9B1A19}.Release|x86.ActiveCfg = Release|Win32
		{97461CAC-E60B-434A-937C-88267D9B1A19}.Release|x86.Build.0 = Release|Win32
		{4C32F9A5-CEC3-4509-971C-B2D4856E0DDD}.Debug|x64.ActiveCfg = Debug|x64
		{4C32F9A5-CEC3-4509-971C-B2D4856E0DDD}.Debug|x64.Build.0 = Debug|x64
		{4C32F9A5-CEC3-4509-971C-B2D4856E0DDD}.Debug|x86.ActiveCfg = Debug|Win32
		{4C32F9A5-CEC3-4509-971C-B2D4856E0DDD}.Debug|x86.Build.0 = Debug|Win32
		{4C32F9A5-CEC3-4509-971C-B2D4856E0DDD}.Release|x64.ActiveCfg = Release|x64
		{4C32F9A5-CEC3-4509-971C-B2D4856E0DDD}.Release|x64.Build.0 = Release|x64
		{4C32F9A5-CEC3-4509-971C-B2D4856E0DDD}.Release|x86.ActiveCfg = Release|Win32
		{4C32F9A5-CEC3-4509-971C-B2D4856E0DDD}.Release|x86.Build.0 = Release|Win32
		{ED66D214-D43B-4268-8248-95E6070240BF}.Debug|x64.ActiveCfg = Debug|x64
		{ED66D214-D43B-4268-8248-95E6070240BF}.Debug|x64.Build.0 = Debug|x64
		{ED66D214-D43B-4268-8248-95E6070240BF}.Debug|x86.ActiveCfg = Debug|Win32
		{ED66D214-D43B-4268-8248-95E6070240BF}.Debug|x86.Build.0 = Debug|Win32
		{ED66D214-D43B-4268-8248-95E6070240BF}.Release|x64.ActiveCfg = Release|x64
		{ED66D214-D43B-4268-8248-95E6070240BF}.Release|x64.Build.0 = Release|x64
		{ED66D214-D43B-4268-8248-95E6070240BF}.Release|x86.ActiveCfg = Release|Win32
		{ED66D214-D43B-4268-8248-95E6070240BF}.Release|x86.Build.0 = Release|Win32
		{8E39AFC7-C917-4861-A522-9BDC376ED71B}.Debug|x64.ActiveCfg = Debug|x64
		{8E39AFC7-C917-4861-A522-9BDC376ED71B}.Debug|x64.Build.0 = Debug|x64
		{8E39AFC7-C917-4861-A522-9BDC376ED71B}.Debug|x86.ActiveCfg = Debug|Win32
		{8E39AFC7-C917-4861-A522-9BDC376ED71B}.Debug|x86.Build.0 = Debug|Win32
		{8E39AFC7-C917-4861-A522-9BDC376ED71B}.Release|x64.ActiveCfg = Release|x64
		{8E39AFC7-C917-4861-A522-9BDC376ED71B}.Release|x64.Build.0 = Release|x64
		{8E39AFC7-C917-4861-A522-9BDC376ED71B}.Release|x86.ActiveCfg = Release|Win32
		{8E39AFC7-C917-4861-A522-9BDC376ED71B}.Release|x86.Build.0 = Release|Win32
		{D84187EA-F737-4846-A409-11723CC3622C}.Debug|x64.ActiveCfg = Debug|x64
		{D84187EA-F737-4846-A409-11723CC3622C}.Debug|x64.Build.0 = Debug|x64
		{D84187EA-F737-4846-A409-11723CC3622C}.Debug|x86.ActiveCfg = Debug|Win32
		{D84187EA-F737-4846-A409-11723CC3622C}.Debug|x86.Build.0 = Debug|Win32
		{D84187EA-F737-4846-A409-11723CC3622C}.Release|x64.ActiveCfg = Release|x64
		{D84187EA-F737-4846-A409-11723CC3622C}.Release|x64.Build.0 = Release|x64
		{D84187EA-F737-4846-A409-11723CC3622C}.Release|x86.ActiveCfg = Release|Win32
		{D84187EA-F737-4846-A409-11723CC3622C}.Release|x86.Build.0 = Release|Win32
		{8DC29427-81D6-4CF2-A23F-8911F424BB83}.Debug|x64.ActiveCfg = Debug|x64
		{8DC29427-81D6-4CF2-A23F-8911F424BB83}.Debug|x64.Build.0 = Debug|x64
		{8DC29427-81D6-4CF2-A23F-8911F424BB83}.Debug|x86.ActiveCfg = Debug|Win32
		{8DC29427-81D6-4CF2-A23F-8911F424BB83}.Debug|x86.Build.0 = Debug|Win32
		{8DC29427-81D6-4CF2-A23F-8911F424BB83}.Release|x64.ActiveCfg = Release|x64
		{8DC29427-81D6-4CF2-A23F-8911F424BB83}.Release|x64.Build.0 = Release|x64
		{8DC29427-81D6-4CF2-A23F-8911F424BB83}.Release|x86.ActiveCfg = Release|Win32
		{8DC29427-81D6-4CF2-A23F-8911F424BB83}.Release|x86.Build.0 = Release|Win32
		{D0B5B5CA-9E90-478B-9436-3E8DB188935E}.Debug|x64.ActiveCfg = Debug|x64
		{D0B5B5CA-9E90-478B-9436-3E8DB188935E}.Debug|x64.Build.0 = Debug|x64
		{D0B5B5CA-9E90-478B-9436-3E8DB188935E}.Debug|x86.ActiveCfg = Debug|Win32
		{D0B5B5CA-9E90-478B-9436-3E8DB188935E}.Debug|x86.Build.0 = Debug|Win32
		{D0B5B5CA-9E90-478B-9436-3E8DB188935E}.Release|x64.ActiveCfg = Release|x64
		{D0B5B5CA-9E90-478B-9436-3E8DB188935E}.Release|x64.Build.0 = Release|x64
		{D0B5B5CA-9E90-478B-9436-3E8DB188935E}.Release|x86.ActiveCfg = Release|Win32
		{D0B5B5CA-9E90-478B-9436-3E8DB188935E}.Release|x86.Build.0 = Release|Win32
		{10FDD247-1644-41A3-BB73-12C84EFB633E}.Debug|x64.ActiveCfg = Debug|x64
		{10FDD247-1644-41A3-BB73-12C84EFB633E}.Debug|x64.Build.0 = Debug|x64
		{10FDD247-1644-41A3-BB73-12C84EFB633E}.Debug|x86.ActiveCfg = Debug|Win32
		{10FDD247-1644-41A3-BB73-12C84EFB633E}.Debug|x86.Build.0 = Debug|Win32
		{10FDD247-1644-41A3-BB73-12C84EFB633E}.Release|x64.ActiveCfg = Release|x64
		{10FDD247-1644-41A3-BB73-12C84EFB633E}.Release|x64.Build.0 = Release|x64
		{10FDD247-1644-41A3-BB73-12C84EFB633E}.Release|x86.ActiveCfg = Release|Win32
		{10FDD247-1644-41A3-BB73-12C84EFB633E}.Release|x86.Build.0 = Release|Win32
		{CCCE0DE0-04F4-4FD0-9BCE-CE767EB50A0F}.Debug|x64.ActiveCfg = Debug|x64
		{CCCE0DE0-04F4-4FD0-9BCE-CE767EB50A0F}.Debug|x64.Build.0 = Debug|x64
		{CCCE0DE0-04F4-4FD0-9BCE-CE767EB50A0F}.Debug|x86.ActiveCfg = Debug|Win32
		{CCCE0DE0-04F4-4FD0-9BCE-CE767EB50A0F}.Debug|x86.Build.0 = Debug|Win32
		{CCCE0DE0-04F4-4FD0-9BCE-CE767EB50A0F}.Release|x64.ActiveCfg = Release|x64
		{CCCE0DE0-04F4-4FD0-9BCE-CE767EB50A0F}.Release|x64.Build.0 = Release|x64
		{CCCE0DE0-04F4-4FD0-9BCE-CE767EB50A0F}.Release|x86.ActiveCfg = Release|Win32
		{CCCE0DE0-04F4-4FD0-9BCE-CE767EB50A0F}.Release|x86.Build.0 = Release|Win32
		{D4750758-3E21-441F-9996-54AA67B02940}.Debug|x64.ActiveCfg = Debug|x64
		{D4750758-3E21-441F-9996-54AA67B02940}.Debug|x64.Build.0 = Debug|x64
		{D4750758-3E21-441F-9996-54AA67B02940}.Debug|x86.ActiveCfg = Debug|Win32
		{D4750758-3E21-441F-9996-54AA67B02940}.Debug|x86.Build.0 = Debug|Win32
		{D4750758-3E21-441F-9996-54AA67B02940}.Release|x64.ActiveCfg = Release|x64
		{D4750758-3E21-441F-9996-54AA67B02940}.Release|x64.Build.0 = Release|x64
		{D4750758-3E21-441F-9996-54AA67B02940}.Release|x86.ActiveCfg = Release|Win32
		{D4750758-3E21-441F-9996-54AA67B02940}.Release|x86.Build.0 = Release|Win32
		{D60B8A43-D4BB-4DE8-92DB-FA109B2E74CA}.Debug|x64.ActiveCfg = Debug|x64
		{D60B8A43-D4BB-4DE8-92DB-FA109B2E74CA}.Debug|x64.Build.0 = Debug|x64
		{D60B8A43-D4BB-4DE8-92DB-FA109B2E74CA}.Debug|x86.ActiveCfg = Debug|Win32
		{D60B8A43-D4BB-4DE8-92DB-FA109B2E74CA}.Debug|x86.Build.0 = Debug|Win32
		{D60B8A43-D4BB-4DE8-92DB-FA109B2E74CA}.Release|x64.ActiveCfg = Release|x64
		{D60B8A43-D4BB-4DE8-92DB-FA109B2E74CA}.Release|x64.Build.0 = Release|x64
		{D60B8A43-D4BB-4DE8-92DB-FA109B2E74CA}.Release|x86.ActiveCfg = Release|Win32
		{D60B8A43-D4BB-4DE8-92DB-FA109B2E74CA}.Release|x86.Build.0 = Release|Win32
		{9EBDDF19-6D85-4C03-BAA8-5636C1387EF3}.Debug|x64.ActiveCfg = Debug|x64
		{9EBDDF19-6D85-4C03-BAA8-5636C1387EF3}.Debug|x64.Build.0 = Debug|x64
		{9EBDDF19-6D85-4C03-BAA8-5636C1387EF3}.Debug|x86.ActiveCfg = Debug|Win32
		{9EBDDF19-6D85-4C03-BAA8-5636C1387EF3}.Debug|x86.Build.0 = Debug|Win32
		{9EBDDF19-6D85-4C03-BAA8-5636C1387EF3}.Release|x64.ActiveCfg = Release|x64
		{9EBDDF19-6D85-4C03-BAA8-5636C1387EF3}.Release|x64.Build.0 = Release|x64
		{9EBDDF19-6D85-4C03-BAA8-5636C1387EF3}.Release|x86.ActiveCfg = Release|Win32
		{9EBDDF19-6D85-4C03-BAA8-5636C1387EF3}.Release|x86.Build.0 = Release|Win32
		{41E570F2-BBAA-48D4-AABA-52FC11054880}.Debug|x64.ActiveCfg = Debug|x64
		{41E570F2-BBAA-48D4-AABA-52FC11054880}.Debug|x64.Build.0 = Debug|x64
		{41E570F2-BBAA-48D4-AABA-52FC11054880}.Debug|x86.ActiveCfg = Debug|Win32
		{41E570F2-BBAA-48D4-AABA-52FC11054880}.Debug|x86.Build.0 = Debug|Win32
		{41E570F2-BBAA-48D4-AABA-52FC11054880}.Release|x64.ActiveCfg = Release|x64
		{41E570F2-BBAA-48D4-AABA-52FC11054880}.Release|x64.Build.0 = Release|x64
		{41E570F2-BBAA-48D4-AABA-52FC11054880}.Release|x86.ActiveCfg = Release|Win32
		{41E570F2-BBAA-48D4-AABA-52FC11054880}.Release|x86.Build.0 = Release|Win32
		{5EB768A9-9510-4330-A470-59B43FB7C7F5}.Debug|x64.ActiveCfg = Debug|x64
		{5EB768A9-9510-4330-A470-59B43FB7C7F5}.Debug|x64.Build.0 = Debug|x64
		{5EB768A9-9510-4330-A470-59B43FB7C7F5}.Debug|x86.ActiveCfg = Debug|Win32
		{5EB768A9-9510-4330-A470-59B43FB7C7F5}.Debug|x86.Build.0 = Debug|Win32
		{5EB768A9-9510-4330-A470-59B43FB7C7F5}.Release|x64.ActiveCfg = Release|x64
		{5EB768A9-9510-4330-A470-59B43FB7C7F5}.Release|x64.Build.0 = Release|x64
		{5EB768A9-9510-4330-A470-59B43FB7C7F5}.Release|x86.ActiveCfg = Release|Win32
		{5EB768A9-9510-4330-A470-59B43FB7C7F5}.Release|x86.Build.0 = Release|Win32
		{824165E1-DE16-4B54-A32A-18E8FB4426A3}.Debug|x64.ActiveCfg = Debug|x64
		{824165E1-DE16-4B54-A32A-18E8FB4426A3}.Debug|x64.Build.0 = Debug|x64
		{824165E1-DE16-4B54-A32A-18E8FB4426A3}.Debug|x86.ActiveCfg = Debug|Win32
		{824165E1-DE16-4B54-A32A-18E8FB4426A3}.Debug|x86.Build.0 = Debug|Win32
		{824165E1-DE16-4B54-A32A-18E8FB4426A3}.Release|x64.ActiveCfg = Release|x64
		{824165E1-DE16-4B54-A32A-18E8FB4426A3}.Release|x64.Build.0 = Release|x64
		{824165E1-DE16-4B54-A32A-18E8FB4426A3}.Release|x86.ActiveCfg = Release|Win32
		{824165E1-DE16-4B54-A32A-18E8FB4426A3}.Release|x86.Build.0 = Release|Win32
		{20B9DC35-AA57-4BBE-91BF-09A80C36C354}.Debug|x64.ActiveCfg = Debug|x64
		{20B9DC35-AA57-4BBE-91BF-09A80C36C354}.Debug|x64.Build.0 = Debug|x64
		{20B9DC35-AA57-4BBE-91BF-09A80C36C354}.Debug|x86.ActiveCfg = Debug|Win32
		{20B9DC35-AA57-4BBE-91BF-09A80C36C354}.Debug|x86.Build.0 = Debug|Win32
		{20B9DC35-AA57-4BBE-91BF-09A80C36C354}.Release|x64.ActiveCfg = Release|x64
		{20B9DC35-AA57-4BBE-91BF-09A80C36C354}.Release|x64.Build.0 = Release|x64
		{20B9DC35-AA57-4BBE-91BF-09A80C36C354}.Release|x86.ActiveCfg = Release|Win32
		{20B9DC35-AA57-4BBE-91BF-09A80C36C354}.Release|x86.Build.0 = Release|Win32
		{791AEF5A-152A-4128-9959-12E297EC2D41}.Debug|x64.ActiveCfg = Debug|x64
		{791AEF5A-152A-4128-9959-12E297EC2D41}.Debug|x64.Build.0 = Debug|x64
		{791AEF5A-152A-4128-9959-12E297EC2D41}.Debug|x86.ActiveCfg = Debug|Win32
		{791AEF5A-152A-4128-9959-12E297EC2D41}.Debug|x86.Build.0 = Debug|Win32
		{791AEF5A-152A-4128-9959-12E297EC2D41}.Release|x64.ActiveCfg = Release|x64
		{791AEF5A-152A-4128-9959-12E297EC2D41}.Release|x64.Build.0 = Release|x64
		{791AEF5A-152A-4128-9959-12E297EC2D41}.Release|x86.ActiveCfg = Release|Win32
		{791AEF5A-152A-4128-9959-12E297EC2D41}.Release|x86.Build.0 = Release|Win32
		{EA1A5BEC-D9D7-4AE5-A660-5E4C22292A9B}.Debug|x64.ActiveCfg = Debug|x64
		{EA1A5BEC-D9D7-4AE5-A660-5E4C22292A9B}.Debug|x64.Build.0 = Debug|x64
		{EA1A5BEC-D9D7-4AE5-A660-5E4C22292A9B}.Debug|x86.ActiveCfg = Debug|Win32
		{EA1A5BEC-D9D7-4AE5-A660-5E4C22292A9B}.Debug|x86.Build.0 = Debug|Win32
		{EA1A5BEC-D9D7-4AE5-A660-5E4C22292A9B}.Release|x64.ActiveCfg = Release|x64
		{EA1A5BEC-D9D7-4AE5-A660-5E4C22292A9B}.Release|x64.Build.0 = Release|x64
		{EA1A5BEC-D9D7-4AE5-A660-5E4C22292A9B}.Release|x86.ActiveCfg = Release|Win32
		{EA1A5BEC-D9D7-4AE5-A660-5E4C22292A9B}.Release|x86.Build.0 = Release|Win32
		{91D1D9F0-8757-492B-A719-BED78E470A37}.Debug|x64.ActiveCfg = Debug|x64
		{91D1D9F0-8757-492B-A719-BED78E470A37}.Debug|x64.Build.0 = Debug|x64
		{91D1D9F0-8757-492B-A719-BED78E470A37}.Debug|x86.ActiveCfg = Debug|Win32
		{91D1D9F0-8757-492B-A719-BED78E470A37}.Debug|x86.Build.0 = Debug|Win32
		{91D1D9F0-8757-492B-A719-BED78E470A37}.Release|x64.ActiveCfg = Release|x64
		{91D1D9F0-8757-492B-A719-BED78E470A37}.Release|x64.Build.0 = Release|x64
		{91D1D9F0-8757-492B-A719-BED78E470A37}.Release|x86.ActiveCfg = Release|Win32
		{91D1D9F0-8757-492B-A719-BED78E470A37}.Release|x86.Build.0 = Release|Win32
		{F56F9490-08C6-4340-B743-2FA9A6B033A5}.Debug|x64.ActiveCfg = Debug|x64
		{F56F9490-08C6-4340-B743-2FA9A6B033A5}.Debug|x64.Build.0 = Debug|x64
		{F56F9490-08C6-4340-B743-2FA9A6B033A5}.Debug|x86.ActiveCfg = Debug|Win32
		{F56F9490-08C6-4340-B743-2FA9A6B033A5}.Debug|x86.Build.0 = Debug|Win32
		{F56F9490-08C6-4340-B743-2FA9A6B033A5}.Release|x64.ActiveCfg = Release|x64
		{F56F9490-08C6-4340-B743-2FA9A6B033A5}.Release|x64.Build.0 = Release|x64
		{F56F9490-08C6-4340-B743-2FA9A6B033A5}.Release|x86.ActiveCfg = Release|Win32
		{F56F9490-08C6-4340-B743-2FA9A6B033A5}.Release|x86.Build.0 = Release|Win32
		{DCE13CA9-6AD7-45BA-8756-1438C41B0F76}.Debug|x64.ActiveCfg = Debug|x64
		{DCE13CA9-6AD7-45BA-8756-1438C41B0F76}.Debug|x64.Build.0 = Debug|x64
		{DCE13CA9-6AD7-45BA-8756-1438C41B0F76}.Debug|x86.ActiveCfg = Debug|Win32
		{DCE13CA9-6AD7-45BA-8756-1438C41B0F76}.Debug|x86.Build.0 = Debug|Win32
		{DCE13CA9-6AD7-45BA-8756-1438C41B0F76}.Release|x64.ActiveCfg = Release|x64
		{DCE13CA9-6AD7-45BA-8756-1438C41B0F76}.Release|x64.Build.0 = Release|x64
		{DCE13CA9-6AD7-45BA-8756-1438C41B0F76}.Release|x86.ActiveCfg = Release|Win32
		{DCE13CA9-6AD7-45BA-8756-1438C41B0F76}.Release|x86.Build.0 = Release|Win32
		{639D6160-D546-4005-A3CD-F005266BF9B5}.Debug|x64.ActiveCfg = Debug|x64
		{639D6160-D546-4005-A3CD-F005266BF9B5}.Debug|x64.Build.0 = Debug|x64
		{639D6160-D546-4005-A3CD-F005266BF9B5}.Debug|x86.ActiveCfg = Debug|Win32
		{639D6160-D546-4005-A3CD-F005266BF9B5}.Debug|x86.Build.0 = Debug|Win32
		{639D6160-D546-4005-A3CD-F005266BF9B5}.Release|x64.ActiveCfg = Release|x64
		{639D6160-D546-4005-A3CD-F005266BF9B5}.Release|x64.Build.0 = Release|x64
		{639D6160-D546-4005-A3CD-F005266BF9B5}.Release|x86.ActiveCfg = Release|Win32
		{639D6160-D546-4005-A3CD-F005266BF9B5}.Release|x86.Build.0 = Release|Win32
		{FB6834E6-F203-4A13-BE92-DAD28295E90B}.Debug|x64.ActiveCfg = Debug|x64
		{FB6834E6-F203-4A13-BE92-DAD28295E90B}.Debug|x64.Build.0 = Debug|x64
		{FB6834E6-F203-4A13-BE92-DAD28295E90B}.Debug|x86.ActiveCfg = Debug|Win32
		{FB6834E6-F203-4A13-BE92-DAD28295E90B}.Debug|x86.Build.0 = Debug|Win32
		{FB6834E6-F203-4A13-BE92-DAD28295E90B}.Release|x64.ActiveCfg = Release|x64
		{FB6834E6-F203-4A13-BE92-DAD28295E90B}.Release|x64.Build.0 = Release|x64
		{FB6834E6-F203-4A13-BE92-DAD28295E90B}.Release|x86.ActiveCfg = Release|Win32
		{FB6834E6-F203-4A13-BE92-DAD28295E90B}.Release|x86.Build.0 = Release|Win32
		{885BE32A-C747-4CC3-B42F-8890267A902C}.Debug|x64.ActiveCfg = Debug|x64
		{885BE32A-C747-4CC3-B42F-8890267A902C}.Debug|x64.Build.0 = Debug|x64
		{885BE32A-C747-4CC3-B42F-8890267A902C}.Debug|x86.ActiveCfg = Debug|Win32
		{885BE32A-C747-4CC3-B42F-8890267A902C}.Debug|x86.Build.0 = Debug|Win32
		{885BE32A-C747-4CC3-B42F-8890267A902C}.Release|x64.ActiveCfg = Release|x64
		{885BE32A-C747-4CC3-B42F-8890267A902C}.Release|x64.Build.0 = Release|x64
		{885BE32A-C747-4CC3-B42F-8890267A902C}.Release|x86.ActiveCfg = Release|Win32
		{885BE32A-C747-4CC3-B42F-8890267A902C}.Release|x86.Build.0 = Release|Win32
		{6D6E79FA-4D34-4224-8888-DE0107EB7371}.Debug|x64.ActiveCfg = Debug|x64
		{6D6E79FA-4D34-4224-8888-DE0107EB7371}.Debug|x64.Build.0 = Debug|x64
		{6D6E79FA-4D34-4224-8888-DE0107EB7371}.Debug|x86.ActiveCfg = Debug|Win32
		{6D6E79FA-4D34-4224-8888-DE0107EB7371}.Debug|x86.Build.0 = Debug|Win32
		{6D6E79FA-4D34-4224-8888-DE0107EB7371}.Release|x64.ActiveCfg = Release|x64
		{6D6E79FA-4D34-4224-8888-DE0107EB7371}.Release|x64.Build.0 = Release|x64
		{6D6E79FA-4D34-4224-8888-DE0107EB7371}.Release|x86.ActiveCfg = Release|Win32
		{6D6E79FA-4D34-4224-8888-DE0107EB7371}.Release|x86.Build.0 = Release|Win32
		{0A118BBB-F016-4547-8CBB-2DF056C70F19}.Debug|x64.ActiveCfg = Debug|x64
		{0A118BBB-F016-4547-8CBB-2DF056C70F19}.Debug|x64.Build.0 = Debug|x64
		{0A118BBB-F016-4547-8CBB-2DF056C70F19}.Debug|x86.ActiveCfg = Debug|Win32
		{0A118BBB-F016-4547-8CBB-2DF056C70F19}.Debug|x86.Build.0 = Debug|Win32
		{0A118BBB-F016-4547-8CBB-2DF056C70F19}.Release|x64.ActiveCfg = Release|x64
		{0A118BBB-F016-4547-8CBB-2DF056C70F19}.Release|x64.Build.0 = Release|x64
		{0A118BBB-F016-4547-8CBB-2DF056C70F19}.Release|x86.ActiveCfg = Release|Win32
		{0A118BBB-F016-4547-8CBB-2DF056C70F19}.Release|x86.Build.0 = Release|Win32
		{28E9E743-86FE-47A1-AEC2-8FE89EB0F0F1}.Debug|x64.ActiveCfg = Debug|x64
		{28E9E743-86FE-47A1-AEC2-8FE89EB0F0F1}.Debug|x64.Build.0 = Debug|x64
		{28E9E743-86FE-47A1-AEC2-8FE89EB0F0F1}.Debug|x86.ActiveCfg = Debug|Win32
		{28E9E743-86FE-47A1-AEC2-8FE89EB0F0F1}.Debug|x86.Build.0 = Debug|Win32
		{28E9E743-86FE-47A1-AEC2-8FE89EB0F0F1}.Release|x64.ActiveCfg = Release|x64
		{28E9E743-86FE-47A1-AEC2-8FE89EB0F0F1}.Release|x64.Build.0 = Release|x64
		{28E9E743-86FE-47A1-AEC2-8FE89EB0F0F1}.Release|x86.ActiveCfg = Release|Win32
		{28E9E743-86FE-47A1-AEC2-8FE89EB0F0F1}.Release|x86.Build.0 = Release|Win32
		{B9C6A832-DD61-4C14-9322-52536F606309}.Debug|x64.ActiveCfg = Debug|x64
		{B9C6A832-DD61-4C14-9322-52536F606309}.Debug|x64.Build.0 = Debug|x64
		{B9C6A832-DD61-4C14-9322-52536F606309}.Debug|x86.ActiveCfg = Debug|Win32
		{B9C6A832-DD61-4C14-9322-52536F606309}.Debug|x86.Build.0 = Debug|Win32
		{B9C6A832-DD61-4C14-9322-52536F606309}.Release|x64.ActiveCfg = Release|x64
		{B9C6A832-DD61-4C14-9322-52536F606309}.Release|x64.Build.0 = Release|x64
		{B9C6A832-DD61-4C14-9322-52536F606309}.Release|x86.ActiveCfg = Release|Win32
		{B9C6A832-DD61-4C14-9322-52536F606309}.Release|x86.Build.0 = Release|Win32
		{B7B26547-B4E2-48D9-B3E7-DAD3C20FCD6A}.Debug|x64.ActiveCfg = Debug|x64
		{B7B26547-B4E2-48D9-B3E7-DAD3C20FCD6A}.Debug|x64.Build.0 = Debug|x64
		{B7B26547-B4E2-48D9-B3E7-DAD3C20FCD6A}.Debug|x86.ActiveCfg = Debug|Win32
		{B7B26547-B4E2-48D9-B3E7-DAD3C20FCD6A}.Debug|x86.Build.0 = Debug|Win32
		{B7B26547-B4E2-48D9-B3E7-DAD3C20FCD6A}.Release|x64.ActiveCfg = Release|x64
		{B7B26547-B4E2-48D9-B3E7-DAD3C20FCD6A}.Release|x64.Build.0 = Release|x64
		{B7B26547-B4E2-48D9-B3E7-DAD3C20FCD6A}.Release|x86.ActiveCfg = Release|Win32
		{B7B26547-B4E2-48D9-B3E7-DAD3C20FCD6A}.Release|x86.Build.0 = Release|Win32
		{81BEF0F6-9108-4F1B-869F-3341463A06D8}.Debug|x64.ActiveCfg = Debug|x64
		{81BEF0F6-9108-4F1B-869F-3341463A06D8}.Debug|x64.Build.0 = Debug|x64
		{81BEF0F6-9108-4F1B-869F-3341463A06D8}.Debug|x86.ActiveCfg = Debug|Win32
		{81BEF0F6-9108-4F1B-869F-3341463A06D8}.Debug|x86.Build.0 = Debug|Win32
		{81BEF0F6-9108-4F1B-869F-3341463A06D8}.Release|x64.ActiveCfg = Release|x64
		{81BEF0F6-9108-4F1B-869F-3341463A06D8}.Release|x64.Build.0 = Release|x64
		{81BEF0F6-9108-4F1B-869F-3341463A06D8}.Release|x86.ActiveCfg = Release|Win32
		{81BEF0F6-9108-4F1B-869F-3341463A06D8}.Release|x86.Build.0 = Release|Win32
		{CF13C79A-9B11-41F1-B612-C7FB57CF6C46}.Debug|x64.ActiveCfg = Debug|x64
		{CF13C79A-9B11-41F1-B612-C7FB57CF6C46}.Debug|x64.Build.0 = Debug|x64
		{CF13C79A-9B11-41F1-B612-C7FB57CF6C46}.Debug|x86.ActiveCfg = Debug|Win32
		{CF13C79A-9B11-41F1-B612-C7FB57CF6C46}.Debug|x86.Build.0 = Debug|Win32
		{CF13C79A-9B11-41F1-B612-C7FB57CF6C46}.Release|x64.ActiveCfg = Release|x64
		{CF13C79A-9B11-41F1-B612-C7FB57CF6C46}.Release|x64.Build.0 = Release|x64
		{CF13C79A-9B11-41F1-B612-C7FB57CF6C46}.Release|x86.ActiveCfg = Release|Win32
		{CF13C79A-9B11-41F1-B612-C7FB57CF6C46}.Release|x86.Build.0 = Release|Win32
		{9A79CEE7-BAC9-45B8-8CA1-A54D6057ACA6}.Debug|x64.ActiveCfg = Debug|x64
		{9A79CEE7-BAC9-45B8-8CA1-A54D6057ACA6}.Debug|x64.Build.0 = Debug|x64
		{9A79CEE7-BAC9-45B8-8CA1-A54D6057ACA6}.Debug|x86.ActiveCfg = Debug|Win32
		{9A79CEE7-BAC9-45B8-8CA1-A54D6057ACA6}.Debug|x86.Build.0 = Debug|Win32
		{9A79CEE7-BAC9-45B8-8CA1-A54D6057ACA6}.Release|x64.ActiveCfg = Release|x64
		{9A79CEE7-BAC9-45B8-8CA1-A54D6057ACA6}.Release|x64.Build.0 = Release|x64
		{9A79CEE7-BAC9-45B8-8CA1-A54D6057ACA6}.Release|x86.ActiveCfg = Release|Win32
		{9A79CEE7-BAC9-45B8-8CA1-A54D6057ACA6}.Release|x86.Build.0 = Release|Win32
		{ABBEE1C8-0ECC-4507-B541-A0CAF5FEFA21}.Debug|x64.ActiveCfg = Debug|x64
		{ABBEE1C8-0ECC-4507-B541-A0CAF5FEFA21}.Debug|x64.Build.0 = Debug|x64
		{ABBEE1C8-0ECC-4507-B541-A0CAF5FEFA21}.Debug|x86.ActiveCfg = Debug|Win32
		{ABBEE1C8-0ECC-4507-B541-A0CAF5FEFA21}.Debug|x86.Build.0 = Debug|Win32
		{ABBEE1C8-0ECC-4507-B541-A0CAF5FEFA21}.Release|x64.ActiveCfg = Release|x64
		{ABBEE1C8-0ECC-4507-B541-A0CAF5FEFA21}.Release|x64.Build.0 = Release|x64
		{ABBEE1C8-0ECC-4507-B541-A0CAF5FEFA21}.Release|x86.ActiveCfg = Release|Win32
		{ABBEE1C8-0ECC-4507-B541-A0CAF5FEFA21}.Release|x86.Build.0 = Release|Win32
		{4269F610-0DB6-4C75-A46D-6E491C7B5821}.Debug|x64.ActiveCfg = Debug|x64
		{4269F610-0DB6-4C75-A46D-6E491C7B5821}.Debug|x64.Build.0 = Debug|x64
		{4269F610-0DB6-4C75-A46D-6E491C7B5821}.Debug|x86.ActiveCfg = Debug|Win32
		{4269F610-0DB6-4C75-A46D-6E491C7B5821}.Debug|x86.Build.0 = Debug|Win32
		{4269F610-0DB6-4C75-A46D-6E491C7B5821}.Release|x64.ActiveCfg = Release|x64
		{4269F610-0DB6-4C75-A46D-6E491C7B5821}.Release|x64.Build.0 = Release|x64
		{4269F610-0DB6-4C75-A46D-6E491C7B5821}.Release|x86.ActiveCfg = Release|Win32
		{4269F610-0DB6-4C75-A46D-6E491C7B5821}.Release|x86.Build.0 = Release|Win32
		{3CD5E6BB-9302-4F94-9673-0CF650F9AE04}.Debug|x64.ActiveCfg = Debug|x64
		{3CD5E6BB-9302-4F94-9673-0CF650F9AE04}.Debug|x64.Build.0 = Debug|x64
		{3CD5E6BB-9302-4F94-9673-0CF650F9AE04}.Debug|x86.ActiveCfg = Debug|Win32
		{3CD5E6BB-9302-4F94-9673-0CF650F9AE04}.Debug|x86.Build.0 = Debug|Win32
		{3CD5E6BB-9302-4F94-9673-0CF650F9AE04}.Release|x64.ActiveCfg = Release|x64
		{3CD5E6BB-9302-4F94-9673-0CF650F9AE04}.Release|x64.Build.0 = Release|x64
		{3CD5E6BB-9302-4F94-9673-0CF650F9AE04}.Release|x86.ActiveCfg = Release|Win32
		{3CD5E6BB-9302-4F94-9673-0CF650F9AE04}.Release|x86.Build.0 = Release|Win32
		{485EF70A-69F2-4BFC-ABCE-E66922A66ED7}.Debug|x64.ActiveCfg = Debug|x64
		{485EF70A-69F2-4BFC-ABCE-E66922A66ED7}.Debug|x64.Build.0 = Debug|x64
		{485EF70A-69F2-4BFC-ABCE-E66922A66ED7}.Debug|x86.ActiveCfg = Debug|Win32
		{485EF70A-69F2-4BFC-ABCE-E66922A66ED7}.Debug|x86.Build.0 = Debug|Win32
		{485EF70A-69F2-4BFC-ABCE-E66922A66ED7}.Release|x64.ActiveCfg = Release|x64
		{485EF70A-69F2-4BFC-ABCE-E66922A66ED7}.Release|x64.Build.0 = Release|x64
		{485EF70A-69F2-4BFC-ABCE-E66922A66ED7}.Release|x86.ActiveCfg = Release|Win32
		{485EF70A-69F2-4BFC-ABCE-E66922A66ED7}.Release|x86.Build.0 = Release|Win32
		{9EA0F4F3-D146-470F-AA00-77E88F1A8E88}.Debug|x64.ActiveCfg = Debug|x64
		{9EA0F4F3-D146-470F-AA00-77E88F1A8E88}.Debug|x64.Build.0 = Debug|x64
		{9EA0F4F3-D146-470F-AA00-77E88F1A8E88}.Debug|x86.ActiveCfg = Debug|Win32
		{9EA0F4F3-D146-470F-AA00-77E88F1A8E88}.Debug|x86.Build.0 = Debug|Win32
		{9EA0F4F3-D146-470F-AA00-77E88F1A8E88}.Release|x64.ActiveCfg = Release|x64
		{9EA0F4F3-D146-470F-AA00-77E88F1A8E88}.Release|x64.Build.0 = Release|x64
		{9EA0F4F3-D146-470F-AA00-77E88F1A8E88}.Release|x86.ActiveCfg = Release|Win32
		{9EA0F4F3-D146-470F-AA00-77E88F1A8E88}.Release|x86.Build.0 = Release|Win32
		{CBA869EA-3510-423E-90A0-FBDC27D383A3}.Debug|x64.ActiveCfg = Debug|x64
		{CBA869EA-3510-423E-90A0-FBDC27D383A3}.Debug|x64.Build.0 = Debug|x64
		{CBA869EA-3510-423E-90A0-FBDC27D383A3}.Debug|x86.ActiveCfg = Debug|Win32
		{CBA869EA-3510-423E-90A0-FBDC27D383A3}.Debug|x86.Build.0 = Debug|Win32
		{CBA869EA-3510-423E-90A0-FBDC27D383A3}.Release|x64.ActiveCfg = Release|x64
		{CBA869EA-3510-423E-90A0-FBDC27D383A3}.Release|x64.Build.0 = Release|x64
		{CBA869EA-3510-423E-90A0-FBDC27D383A3}.Release|x86.ActiveCfg = Release|Win32
		{CBA869EA-3510-423E-90A0-FBDC27D383A3}.Release|x86.Build.0 = Release|Win32
		{FF018CD7-E1DA-4864-B963-8891D42DCE2E}.Debug|x64.ActiveCfg = Debug|x64
		{FF018CD7-E1DA-4864-B963-8891D42DCE2E}.Debug|x64.Build.0 = Debug|x64
		{FF018CD7-E1DA-4864-B963-8891D42DCE2E}.Debug|x86.ActiveCfg = Debug|Win32
		{FF018CD7-E1DA-4864-B963-8891D42DCE2E}.Debug|x86.Build.0 = Debug|Win32
		{FF018CD7-E1DA-4864-B963-8891D42DCE2E}.Release|x64.ActiveCfg = Release|x64
		{FF018CD7-E1DA-4864-B963-8891D42DCE2E}.Release|x64.Build.0 = Release|x64
		{FF018CD7-E1DA-4864-B963-8891D42DCE2E}.Release|x86.ActiveCfg = Release|Win32
		{FF018CD7-E1DA-4864-B963-8891D42DCE2E}.Release|x86.Build.0 = Release|Win32
		{A947B8FB-5C7B-4CB9-A2B1-C366BEB77894}.Debug|x64.ActiveCfg = Debug|x64
		{A947B8FB-5C7B-4CB9-A2B1-C366BEB77894}.Debug|x64.Build.0 = Debug|x64
		{A947B8FB-5C7B-4CB9-A2B1-C366BEB77894}.Debug|x86.ActiveCfg = Debug|Win32
		{A947B8FB-5C7B-4CB9-A2B1-C366BEB77894}.Debug|x86.Build.0 = Debug|Win32
		{A947B8FB-5C7B-4CB9-A2B1-C366BEB77894}.Release|x64.ActiveCfg = Release|x64
		{A947B8FB-5C7B-4CB9-A2B1-C366BEB77894}.Release|x64.Build.0 = Release|x64
		{A947B8FB-5C7B-4CB9-A2B1-C366BEB77894}.Release|x86.ActiveCfg = Release|Win32
		{A947B8FB-5C7B-4CB9-A2B1-C366BEB77894}.Release|x86.Build.0 = Release|Win32
		{4D3AAEEB-6882-4D85-990B-1F74A79B54D1}.Debug|x64.ActiveCfg = Debug|x64
		{4D3AAEEB-6882-4D85-990B-1F74A79B54D1}.Debug|x64.Build.0 = Debug|x64
		{4D3AAEEB-6882-4D85-990B-1F74A79B54D1}.Debug|x86.ActiveCfg = Debug|Win32
		{4D3AAEEB-6882-4D85-990B-1F74A79B54D1}.Debug|x86.Build.0 = Debug|Win32
		{4D3AAEEB-6882-4D85-990B-1F74A79B54D1}.Release|x64.ActiveCfg = Release|x64
		{4D3AAEEB-6882-4D85-990B-1F74A79B54D1}.Release|x64.Build.0 = Release|x64
		{4D3AAEEB-6882-4D85-990B-1F74A79B54D1}.Release|x86.ActiveCfg = Release|Win32
		{4D3AAEEB-6882-4D85-990B-1F74A79B54D1}.Release|x86.Build.0 = Release|Win32
		{14866DEE-A8FC-4EE4-AC01-F3CEA11F7582}.Debug|x64.ActiveCfg = Debug|x64
		{14866DEE-A8FC-4EE4-AC01-F3CEA11F7582}.Debug|x64.Build.0 = Debug|x64
		{14866DEE-A8FC-4EE4-AC01-F3CEA11F7582}.Debug|x86.ActiveCfg = Debug|Win32
		{14866DEE-A8FC-4EE4-AC01-F3CEA11F7582}.Debug|x86.Build.0 = Debug|Win32
		{14866DEE-A8FC-4EE4-AC01-F3CEA11F7582}.Release|x64.ActiveCfg = Release|x64
		{14866DEE-A8FC-4EE4-AC01-F3CEA11F7582}.Release|x64.Build.0 = Release|x64
		{14866DEE-A8FC-4EE4-AC01-F3CEA11F7582}.Release|x86.ActiveCfg = Release|Win32
		{14866DEE-A8FC-4EE4-AC01-F3CEA11F7582}.Release|x86.Build.0 = Release|Win32
		{79FA6849-C358-41DE-974D-53843DBB9C9A}.Debug|x64.ActiveCfg = Debug|x64
		{79FA6849-C358-41DE-974D-53843DBB9C9A}.Debug|x64.Build.0 = Debug|x64
		{79FA6849-C358-41DE-974D-53843DBB9C9A}.Debug|x86.ActiveCfg = Debug|Win32
		{79FA6849-C358-41DE-974D-53843DBB9C9A}.Debug|x86.Build.0 = Debug|Win32
		{79FA6849-C358-41DE-974D-53843DBB9C9A}.Release|x64.ActiveCfg = Release|x64
		{79FA6849-C358-41DE-974D-53843DBB9C9A}.Release|x64.Build.0 = Release|x64
		{79FA6849-C358-41DE-974D-53843DBB9C9A}.Release|x86.ActiveCfg = Release|Win32
		{79FA6849-C358-41DE-974D-53843DBB9C9A}.Release|x86.Build.0 = Release|Win32
		{01DA9924-6D42-4A96-AAC1-DD7EF1AA5093}.Debug|x64.ActiveCfg = Debug|x64
		{01DA9924-6D42-4A96-AAC1-DD7EF1AA5093}.Debug|x64.Build.0 = Debug|x64
		{01DA9924-6D42-4A96-AAC1-DD7EF1AA5093}.Debug|x86.ActiveCfg = Debug|Win32
		{01DA9924-6D42-4A96-AAC1-DD7EF1AA5093}.Debug|x86.Build.0 = Debug|Win32
		{01DA9924-6D42-4A96-AAC1-DD7EF1AA5093}.Release|x64.ActiveCfg = Release|x64
		{01DA9924-6D42-4A96-AAC1-DD7EF1AA5093}.Release|x64.Build.0 = Release|x64
		{01DA9924-6D42-4A96-AAC1-DD7EF1AA5093}.Release|x86.ActiveCfg = Release|Win32
		{01DA9924-6D42-4A96-AAC1-DD7EF1AA5093}.Release|x86.Build.0 = Release|Win32
		{61966EC7-81E9-481F-BFB1-1A803ADB460D}.Debug|x64.ActiveCfg = Debug|x64
		{61966EC7-81E9-481F-BFB1-1A803ADB460D}.Debug|x64.Build.0 = Debug|x64
		{61966EC7-81E9-481F-BFB1-1A803ADB460D}.Debug|x86.ActiveCfg = Debug|Win32
		{61966EC7-81E9-481F-BFB1-1A803ADB460D}.Debug|x86.Build.0 = Debug|Win32
		{61966EC7-81E9-481F-BFB1-1A803ADB460D}.Release|x64.ActiveCfg = Release|x64
		{61966EC7-81E9-481F-BFB1-1A803ADB460D}.Release|x64.Build.0 = Release|x64
		{61966EC7-81E9-481F-BFB1-1A803ADB460D}.Release|x86.ActiveCfg = Release|Win32
		{61966EC7-81E9-481F-BFB1-1A803ADB460D}.Release|x86.Build.0 = Release|Win32
		{DBF6E605-2E29-4B4E-A847-7CD57C273D4E}.Debug|x64.ActiveCfg = Debug|x64
		{DBF6E605-2E29-4B4E-A847-7CD57C273D4E}.Debug|x64.Build.0 = Debug|x64
		{DBF6E605-2E29-4B4E-A847-7CD57C273D4E}.Debug|x86.ActiveCfg = Debug|Win32
		{DBF6E605-2E29-4B4E-A847-7CD57C273D4E}.Debug|x86.Build.0 = Debug|Win32
		{DBF6E605-2E29-4B4E-A847-7CD57C273D4E}.Release|x64.ActiveCfg = Release|x64
		{DBF6E605-2E29-4B4E-A847-7CD57C273D4E}.Release|x64.Build.0 = Release|x64
		{DBF6E605-2E29-4B4E-A847-7CD57C273D4E}.Release|x86.ActiveCfg = Release|Win32
		{DBF6E605-2E29-4B4E-A847-7CD57C273D4E}.Release|x86.Build.0 = Release|Win32
		{141956CE-3F60-485B-8B69-281FAF5E151A}.Debug|x64.ActiveCfg = Debug|x64
		{141956CE-3F60-485B-8B69-281FAF5E151A}.Debug|x64.Build.0 = Debug|x64
		{141956CE-3F60-485B-8B69-281FAF5E151A}.Debug|x86.ActiveCfg = Debug|Win32
		{141956CE-3F60-485B-8B69-281FAF5E151A}.Debug|x86.Build.0 = Debug|Win32
		{141956CE-3F60-485B-8B69-281FAF5E151A}.Release|x64.ActiveCfg = Release|x64
		{141956CE-3F60-485B-8B69-281FAF5E151A}.Release|x64.Build.0 = Release|x64
		{141956CE-3F60-485B-8B69-281FAF5E151A}.Release|x86.ActiveCfg = Release|Win32
		{141956CE-3F60-485B-8B69-281FAF5E151A}.Release|x86.Build.0 = Release|Win32
		{DFE1D4AA-1597-414A-969C-0A7D2A430627}.Debug|x64.ActiveCfg = Debug|x64
		{DFE1D4AA-1597-414A-969C-0A7D2A430627}.Debug|x64.Build.0 = Debug|x64
		{DFE1D4AA-1597-414A-969C-0A7D2A430627}.Debug|x86.ActiveCfg = Debug|Win32
		{DFE1D4AA-1597-414A-969C-0A7D2A430627}.Debug|x86.Build.0 = Debug|Win32
		{DFE1D4AA-1597-414A-969C-0A7D2A430627}.Release|x64.ActiveCfg = Release|x64
		{DFE1D4AA-1597-414A-969C-0A7D2A430627}.Release|x64.Build.0 = Release|x64
		{DFE1D4AA-1597-414A-969C-0A7D2A430627}.Release|x86.ActiveCfg = Release|Win32
		{DFE1D4AA-1597-414A-969C-0A7D2A430627}.Release|x86.Build.0 = Release|Win32
		{693A4CE6-0C0C-49E3-AB44-54E9319A0B43}.Debug|x64.ActiveCfg = Debug|x64
		{693A4CE6-0C0C-49E3-AB44-54E9319A0B43}.Debug|x64.Build.0 = Debug|x64
		{693A4CE6-0C0C-49E3-AB44-54E9319A0B43}.Debug|x86.ActiveCfg = Debug|Win32
		{693A4CE6-0C0C-49E3-AB44-54E9319A0B43}.Debug|x86.Build.0 = Debug|Win32
		{693A4CE6-0C0C-49E3-AB44-54E9319A0B43}.Release|x64.ActiveCfg = Release|x64
		{693A4CE6-0C0C-49E3-AB44-54E9319A0B43}.Release|x64.Build.0 = Release|x64
		{693A4CE6-0C0C-49E3-AB44-54E9319A0B43}.Release|x86.ActiveCfg = Release|Win32
		{693A4CE6-0C0C-49E3-AB44-54E9319A0B43}.Release|x86.Build.0 = Release|Win32
		{9D6922C0-B5A3-4ABF-A158-B3F4F8BE5FE9}.Debug|x64.ActiveCfg = Debug|x64
		{9D6922C0-B5A3-4ABF-A158-B3F4F8BE5FE9}.Debug|x64.Build.0 = Debug|x64
		{9D6922C0-B5A3-4ABF-A158-B3F4F8BE5FE9}.Debug|x86.ActiveCfg = Debug|Win32
		{9D6922C0-B5A3-4ABF-A158-B3F4F8BE5FE9}.Debug|x86.Build.0 = Debug|Win32
		{9D6922C0-B5A3-4ABF-A158-B3F4F8BE5FE9}.Release|x64.ActiveCfg = Release|x64
		{9D6922C0-B5A3-4ABF-A158-B3F4F8BE5FE9}.Release|x64.Build.0 = Release|x64
		{9D6922C0-B5A3-4ABF-A158-B3F4F8BE5FE9}.Release|x86.ActiveCfg = Release|Win32
		{9D6922C0-B5A3-4ABF-A158-B3F4F8BE5FE9}.Release|x86.Build.0 = Release|Win32
		{0C329266-0553-4056-906A-93B6BFB69953}.Debug|x64.ActiveCfg = Debug|x64
		{0C329266-0553-4056-906A-93B6BFB69953}.Debug|x64.Build.0 = Debug|x64
		{0C329266-0553-4056-906A-93B6BFB69953}.Debug|x86.ActiveCfg = Debug|Win32
		{0C329266-0553-4056-906A-93B6BFB69953}.Debug|x86.Build.0 = Debug|Win32
		{0C329266-0553-4056-906A-93B6BFB69953}.Release|x64.ActiveCfg = Release|x64
		{0C329266-0553-4056-906A-93B6BFB69953}.Release|x64.Build.0 = Release|x64
		{0C329266-0553-4056-906A-93B6BFB69953}.Release|x86.ActiveCfg = Release|Win32
		{0C329266-0553-4056-906A-93B6BFB69953}.Release|x86.Build.0 = Release|Win32
		{3548748D-0FD2-4C8D-9754-33A75428B776}.Debug|x64.ActiveCfg = Debug|x64
		{3548748D-0FD2-4C8D-9754-33A75428B776}.Debug|x64.Build.0 = Debug|x64
		{3548748D-0FD2-4C8D-9754-33A75428B776}.Debug|x86.ActiveCfg = Debug|Win32
		{3548748D-0FD2-4C8D-9754-33A75428B776}.Debug|x86.Build.0 = Debug|Win32
		{3548748D-0FD2-4C8D-9754-33A75428B776}.Release|x64.ActiveCfg = Release|x64
		{3548748D-0FD2-4C8D-9754-33A75428B776}.Release|x64.Build.0 = Release|x64
		{3548748D-0FD2-4C8D-9754-33A75428B776}.Release|x86.ActiveCfg = Release|Win32
		{3548748D-0FD2-4C8D-9754-33A75428B776}.Release|x86.Build.0 = Release|Win32
		{0191D050-AAD0-44D4-9AC5-C77039DA7828}.Debug|x64.ActiveCfg = Debug|x64
		{0191D050-AAD0-44D4-9AC5-C77039DA7828}.Debug|x64.Build.0 = Debug|x64
		{0191D050-AAD0-44D4-9AC5-C77039DA7828}.Debug|x86.ActiveCfg = Debug|Win32
		{0191D050-AAD0-44D4-9AC5-C77039DA7828}.Debug|x86.Build.0 = Debug|Win32
		{0191D050-AAD0-44D4-9AC5-C77039DA7828}.Release|x64.ActiveCfg = Release|x64
		{0191D050-AAD0-44D4-9AC5-C77039DA7828}.Release|x64.Build.0 = Release|x64
		{0191D050-AAD0-44D4-9AC5-C77039DA7828}.Release|x86.ActiveCfg = Release|Win32
		{0191D050-AAD0-44D4-9AC5-C77039DA7828}.Release|x86.Build.0 = Release|Win32
		{63084230-938C-4093-84D3-5B0B1AAD109B}.Debug|x64.ActiveCfg = Debug|x64
		{63084230-938C-4093-84D3-5B0B1AAD109B}.Debug|x64.Build.0 = Debug|x64
		{63084230-938C-4093-84D3-5B0B1AAD109B}.Debug|x86.ActiveCfg = Debug|Win32
		{63084230-938C-4093-84D3-5B0B1AAD109B}.Debug|x86.Build.0 = Debug|Win32
		{63084230-938C-4093-84D3-5B0B1AAD109B}.Release|x64.ActiveCfg = Release|x64
		{63084230-938C-4093-84D3-5B0B1AAD109B}.Release|x64.Build.0 = Release|x64
		{63084230-938C-4093-84D3-5B0B1AAD109B}.Release|x86.ActiveCfg = Release|Win32
		{63084230-938C-4093-84D3-5B0B1AAD109B}.Release|x86.Build.0 = Release|Win32
		{84A95116-3899-457A-A46D-908BBC6B9A81}.Debug|x64.ActiveCfg = Debug|x64
		{84A95116-3899-457A-A46D-908BBC6B9A81}.Debug|x64.Build.0 = Debug|x64
		{84A95116-3899-457A-A46D-908BBC6B9A81}.Debug|x86.ActiveCfg = Debug|Win32
		{84A95116-3899-457A-A46D-908BBC6B9A81}.Debug|x86.Build.0 = Debug|Win32
		{84A95116-3899-457A-A46D-908BBC6B9A81}.Release|x64.ActiveCfg = Release|x64
		{84A95116-3899-457A-A46D-908BBC6B9A81}.Release|x64.Build.0 = Release|x64
		{84A95116-3899-457A-A46D-908BBC6B9A81}.Release|x86.ActiveCfg = Release|Win32
		{84A95116-3899-457A-A46D-908BBC6B9A81}.Release|x86.Build.0 = Release|Win32
		{E9AD2777-3491-4B41-A737-C9D92FD5D175}.Debug|x64.ActiveCfg = Debug|x64
		{E9AD2777-3491-4B41-A737-C9D92FD5D175}.Debug|x64.Build.0 = Debug|x64
		{E9AD2777-3491-4B41-A737-C9D92FD5D175}.Debug|x86.ActiveCfg = Debug|Win32
		{E9AD2777-3491-4B41-A737-C9D92FD5D175}.Debug|x86.Build.0 = Debug|Win32
		{E9AD2777-3491-4B41-A737-C9D92FD5D175}.Release|x64.ActiveCfg = Release|x64
		{E9AD2777-3491-4B41-A737-C9D92FD5D175}.Release|x64.Build.0 = Release|x64
		{E9AD2777-3491-4B41-A737-C9D92FD5D175}.Release|x86.ActiveCfg = Release|Win32
		{E9AD2777-3491-4B41-A737-C9D92FD5D175}.Release|x86.Build.0 = Release|Win32
		{B3513E64-1796-4181-B994-1591E34FD406}.Debug|x64.ActiveCfg = Debug|x64
		{B3513E64-1796-4181-B994-1591E34FD406}.Debug|x64.Build.0 = Debug|x64
		{B3513E64-1796-4181-B994-1591E34FD406}.Debug|x86.ActiveCfg = Debug|Win32
		{B3513E64-1796-4181-B994-1591E34FD406}.Debug|x86.Build.0 = Debug|Win32
		{B3513E64-1796-4181-B994-1591E34FD406}.Release|x64.ActiveCfg = Release|x64
		{B3513E64-1796-4181-B994-1591E34FD406}.Release|x64.Build.0 = Release|x64
		{B3513E64-1796-4181-B994-1591E34FD406}.Release|x86.ActiveCfg = Release|Win32
		{B3513E64-1796-4181-B994-1591E34FD406}.Release|x86.Build.0 = Release|Win32
		{A47E4618-BEA8-4492-BF8F-86DED27ECF8B}.Debug|x64.ActiveCfg = Debug|x64
		{A47E4618-BEA8-4492-BF8F-86DED27ECF8B}.Debug|x64.Build.0 = Debug|x64
		{A47E4618-BEA8-4492-BF8F-86DED27ECF8B}.Debug|x86.ActiveCfg = Debug|Win32
		{A47E4618-BEA8-4492-BF8F-86DED27ECF8B}.Debug|x86.Build.0 = Debug|Win32
		{A47E4618-BEA8-4492-BF8F-86DED27ECF8B}.Release|x64.ActiveCfg = Release|x64
		{A47E4618-BEA8-4492-BF8F-86DED27ECF8B}.Release|x64.Build.0 = Release|x64
		{A47E4618-BEA8-4492-BF8F-86DED27ECF8B}.Release|x86.ActiveCfg = Release|Win32
		{A47E4618-BEA8-4492-BF8F-86DED27ECF8B}.Release|x86.Build.0 = Release|Win32
		{AA15F157-2A2F-4FF7-94CB-658F13CB307D}.Debug|x64.ActiveCfg = Debug|x64
		{AA15F157-2A2F-4FF7-94CB-658F13CB307D}.Debug|x64.Build.0 = Debug|x64
		{AA15F157-2A2F-4FF7-94CB-658F13CB307D}.Debug|x86.ActiveCfg = Debug|Win32
		{AA15F157-2A2F-4FF7-94CB-658F13CB307D}.Debug|x86.Build.0 = Debug|Win32
		{AA15F157-2A2F-4FF7-94CB-658F13CB307D}.Release|x64.ActiveCfg = Release|x64
		{AA15F157-2A2F-4FF7-94CB-658F13CB307D}.Release|x64.Build.0 = Release|x64
		{AA15F157-2A2F-4FF7-94CB-658F13CB307D}.Release|x86.ActiveCfg = Release|Win32
		{AA15F157-2A2F-4FF7-94CB-658F13CB307D}.Release|x86.Build.0 = Release|Win32
		{F61C7FE6-2A11-4A9A-8372-60FB8671A4F8}.Debug|x64.ActiveCfg = Debug|x64
		{F61C7FE6-2A11-4A9A-8372-60FB8671A4F8}.Debug|x64.Build.0 = Debug|x64
		{F61C7FE6-2A11-4A9A-8372-60FB8671A4F8}.Debug|x86.ActiveCfg = Debug|Win32
		{F61C7FE6-2A11-4A9A-8372-60FB8671A4F8}.Debug|x86.Build.0 = Debug|Win32
		{F61C7FE6-2A11-4A9A-8372-60FB8671A4F8}.Release|x64.ActiveCfg = Release|x64
		{F61C7FE6-2A11-4A9A-8372-60FB8671A4F8}.Release|x64.Build.0 = Release|x64
		{F61C7FE6-2A11-4A9A-8372-60FB8671A4F8}.Release|x86.ActiveCfg = Release|Win32
		{F61C7FE6-2A11-4A9A-8372-60FB8671A4F8}.Release|x86.Build.0 = Release|Win32
		{EE3F64B3-5421-4A18-8F2E-2FB379BED7F3}.Debug|x64.ActiveCfg = Debug|x64
		{EE3F64B3-5421-4A18-8F2E-2FB379BED7F3}.Debug|x64.Build.0 = Debug|x64
		{EE3F64B3-5421-4A18-8F2E-2FB379BED7F3}.Debug|x86.ActiveCfg = Debug|Win32
		{EE3F64B3-5421-4A18-8F2E-2FB379BED7F3}.Debug|x86.Build.0 = Debug|Win32
		{EE3F64B3-5421-4A18-8F2E-2FB379BED7F3}.Release|x64.ActiveCfg = Release|x64
		{EE3F64B3-5421-4A18-8F2E-2FB379BED7F3}.Release|x64.Build.0 = Release|x64
		{EE3F64B3-5421-4A18-8F2E-2FB379BED7F3}.Release|x86.ActiveCfg = Release|Win32
		{EE3F64B3-5421-4A18-8F2E-2FB379BED7F3}.Release|x86.Build.0 = Release|Win32
		{4F136F5F-759B-411D-808A-9B954F318708}.Debug|x64.ActiveCfg = Debug|x64
		{4F136F5F-759B-411D-808A-9B954F318708}.Debug|x64.Build.0 = Debug|x64
		{4F136F5F-759B-411D-808A-9B954F318708}.Debug|x86.ActiveCfg = Debug|Win32
		{4F136F5F-759B-411D-808A-9B954F318708}.Debug|x86.Build.0 = Debug|Win32
		{4F136F5F-759B-411D-808A-9B954F318708}.Release|x64.ActiveCfg = Release|x64
		{4F136F5F-759B-411D-808A-9B954F318708}.Release|x64.Build.0 = Release|x64
		{4F136F5F-759B-411D-808A-9B954F318708}.Release|x86.ActiveCfg = Release|Win32
		{4F136F5F-759B-411D-808A-9B954F318708}.Release|x86.Build.0 = Release|Win32
		{A22641EF-D62A-4E89-8CBF-121C06FC77F4}.Debug|x64.ActiveCfg = Debug|x64
		{A22641EF-D62A-4E89-8CBF-121C06FC77F4}.Debug|x64.Build.0 = Debug|x64
		{A22641EF-D62A-4E89-8CBF-121C06FC77F4}.Debug|x86.ActiveCfg = Debug|Win32
		{A22641EF-D62A-4E89-8CBF-121C06FC77F4}.Debug|x86.Build.0 = Debug|Win32
		{A22641EF-D62A-4E89-8CBF-121C06FC77F4}.Release|x64.ActiveCfg = Release|x64
		{A22641EF-D62A-4E89-8CBF-121C06FC77F4}.Release|x64.Build.0 = Release|x64
		{A22641EF-D62A-4E89-8CBF-121C06FC77F4}.Release|x86.ActiveCfg = Release|Win32
		{A22641EF-D62A-4E89-8CBF-121C06FC77F4}.Release|x86.Build.0 = Release|Win32
		{C907659A-FA52-4D4A-A09D-DA2E84FAB896}.Debug|x64.ActiveCfg = Debug|x64
		{C907659A-FA52-4D4A-A09D-DA2E84FAB896}.Debug|x64.Build.0 = Debug|x64
		{C907659A-FA52-4D4A-A09D-DA2E84FAB896}.Debug|x86.ActiveCfg = Debug|Win32
		{C907659A-FA52-4D4A-A09D-DA2E84FAB896}.Debug|x86.Build.0 = Debug|Win32
		{C907659A-FA52-4D4A-A09D-DA2E84FAB896}.Release|x64.ActiveCfg = Release|x64
		{C907659A-FA52-4D4A-A09D-DA2E84FAB896}.Release|x64.Build.0 = Release|x64
		{C907659A-FA52-4D4A-A09D-DA2E84FAB896}.Release|x86.ActiveCfg = Release|Win32
		{C907659A-FA52-4D4A-A09D-DA2E84FAB896}.Release|x86.Build.0 = Release|Win32
		{97869D93-A01F-4EF8-8475-668091675F4B}.Debug|x64.ActiveCfg = Debug|x64
		{97869D93-A01F-4EF8-8475-668091675F4B}.Debug|x64.Build.0 = Debug|x64
		{97869D93-A01F-4EF8-8475-668091675F4B}.Debug|x86.ActiveCfg = Debug|Win32
		{97869D93-A01F-4EF8-8475-668091675F4B}.Debug|x86.Build.0 = Debug|Win32
		{97869D93-A01F-4EF8-8475-668091675F4B}.Release|x64.ActiveCfg = Release|x64
		{97869D93-A01F-4EF8-8475-668091675F4B}.Release|x64.Build.0 = Release|x64
		{97869D93-A01F-4EF8-8475-668091675F4B}.Release|x86.ActiveCfg = Release|Win32
		{97869D93-A01F-4EF8-8475-668091675F4B}.Release|x86.Build.0 = Release|Win32
		{34FCC30B-8576-4AB5-BA7B-F1415D6DFB82}.Debug|x64.ActiveCfg = Debug|x64
		{34FCC30B-8576-4AB5-BA7B-F1415D6DFB82}.Debug|x64.Build.0 = Debug|x64
		{34FCC30B-8576-4AB5-BA7B-F1415D6DFB82}.Debug|x86.ActiveCfg = Debug|Win32
		{34FCC30B-8576-4AB5-BA7B-F1415D6DFB82}.Debug|x86.Build.0 = Debug|Win32
		{34FCC30B-8576-4AB5-BA7B-F1415D6DFB82}.Release|x64.ActiveCfg = Release|x64
		{34FCC30B-8576-4AB5-BA7B-F1415D6DFB82}.Release|x64.Build.0 = Release|x64
		{34FCC30B-8576-4AB5-BA7B-F1415D6DFB82}.Release|x86.ActiveCfg = Release|Win32
		{34FCC30B-8576-4AB5-BA7B-F1415D6DFB82}.Release|x86.Build.0 = Release|Win32
		{7951BF78-9236-4A0B-88AE-EB3957FF6965}.Debug|x64.ActiveCfg = Debug|x64
		{7951BF78-9236-4A0B-88AE-EB3957FF6965}.Debug|x64.Build.0 = Debug|x64
		{7951BF78-9236-4A0B-88AE-EB3957FF6965}.Debug|x86.ActiveCfg = Debug|Win32
		{7951BF78-9236-4A0B-88AE-EB3957FF6965}.Debug|x86.Build.0 = Debug|Win32
		{7951BF78-9236-4A0B-88AE-EB3957FF6965}.Release|x64.ActiveCfg = Release|x64
		{7951BF78-9236-4A0B-88AE-EB3957FF6965}.Release|x64.Build.0 = Release|x64
		{7951BF78-9236-4A0B-88AE-EB3957FF6965}.Release|x86.ActiveCfg = Release|Win32
		{7951BF78-9236-4A0B-88AE-EB3957FF6965}.Release|x86.Build.0 = Release|Win32
		{514CCA70-BAA6-4382-99D8-D3B04C3693FE}.Debug|x64.ActiveCfg = Debug|x64
		{514CCA70-BAA6-4382-99D8-D3B04C3693FE}.Debug|x64.Build.0 = Debug|x64
		{514CCA70-BAA6-4382-99D8-D3B04C3693FE}.Debug|x86.ActiveCfg = Debug|Win32
		{514CCA70-BAA6-4382-99D8-D3B04C3693FE}.Debug|x86.Build.0 = Debug|Win32
		{514CCA70-BAA6-4382-99D8-D3B04C3693FE}.Release|x64.ActiveCfg = Release|x64
		{514CCA70-BAA6-4382-99D8-D3B04C3693FE}.Release|x64.Build.0 = Release|x64
		{514CCA70-BAA6-4382-99D8-D3B04C3693FE}.Release|x86.ActiveCfg = Release|Win32
		{514CCA70-BAA6-4382-99D8-D3B04C3693FE}.Release|x86.Build.0 = Release|Win32
		{61E9A579-715B-44E6-A3DD-1721D4FABF1E}.Debug|x64.ActiveCfg = Debug|x64
		{61E9A579-715B-44E6-A3DD-1721D4FABF1E}.Debug|x64.Build.0 = Debug|x64
		{61E9A579-715B-44E6-A3DD-1721D4FABF1E}.Debug|x86.ActiveCfg = Debug|Win32
		{61E9A579-715B-44E6-A3DD-1721D4FABF1E}.Debug|x86.Build.0 = Debug|Win32
		{61E9A579-715B-44E6-A3DD-1721D4FABF1E}.Release|x64.ActiveCfg = Release|x64
		{61E9A579-715B-44E6-A3DD-1721D4FABF1E}.Release|x64.Build.0 = Release|x64
		{61E9A579-715B-44E6-A3DD-1721D4FABF1E}.Release|x86.ActiveCfg = Release|Win32
		{61E9A579-715B-44E6-A3DD-1721D4FABF1E}.Release|x86.Build.0 = Release|Win32
		{C4408690-93A7-410F-A36B-AB27543122E1}.Debug|x64.ActiveCfg = Debug|x64
		{C4408690-93A7-410F-A36B-AB27543122E1}.Debug|x64.Build.0 = Debug|x64
		{C4408690-93A7-410F-A36B-AB27543122E1}.Debug|x86.ActiveCfg = Debug|Win32
		{C4408690-93A7-410F-A36B-AB27543122E1}.Debug|x86.Build.0 = Debug|Win32
		{C4408690-93A7-410F-A36B-AB27543122E1}.Release|x64.ActiveCfg = Release|x64
		{C4408690-93A7-410F-A36B-AB27543122E1}.Release|x64.Build.0 = Release|x64
		{C4408690-93A7-410F-A36B-AB27543122E1}.Release|x86.ActiveCfg = Release|Win32
		{C4408690-93A7-410F-A36B-AB27543122E1}.Release|x86.Build.0 = Release|Win32
		{3DD1AF87-9DC1-479C-9BE1-080BB52EC744}.Debug|x64.ActiveCfg = Debug|x64
		{3DD1AF87-9DC1-479C-9BE1-080BB52EC744}.Debug|x64.Build.0 = Debug|x64
		{3DD1AF87-9DC1-479C-9BE1-080BB52EC744}.Debug|x86.ActiveCfg = Debug|Win32
		{3DD1AF87-9DC1-479C-9BE1-080BB52EC744}.Debug|x86.Build.0 = Debug|Win32
		{3DD1AF87-9DC1-479C-9BE1-080BB52EC744}.Release|x64.ActiveCfg = Release|x64
		{3DD1AF87-9DC1-479C-9BE1-080BB52EC744}.Release|x64.Build.0 = Release|x64
		{3DD1AF87-9DC1-479C-9BE1-080BB52EC744}.Release|x86.ActiveCfg = Release|Win32
		{3DD1AF87-9DC1-479C-9BE1-080BB52EC744}.Release|x86.Build.0 = Release|Win32
		{A88C3EB9-BF4F-4A6C-A0E0-8112DCEBAE3E}.Debug|x64.ActiveCfg = Debug|x64
		{A88C3EB9-BF4F-4A6C-A0E0-8112DCEBAE3E}.Debug|x64.Build.0 = Debug|x64
		{A88C3EB9-BF4F-4A6C-A0E0-8112DCEBAE3E}.Debug|x86.ActiveCfg = Debug|Win32
		{A88C3EB9-BF4F-4A6C-A0E0-8112DCEBAE3E}.Debug|x86.Build.0 = Debug|Win32
		{A88C3EB9-BF4F-4A6C-A0E0-8112DCEBAE3E}.Release|x64.ActiveCfg = Release|x64
		{A88C3EB9-BF4F-4A6C-A0E0-8112DCEBAE3E}.Release|x64.Build.0 = Release|x64
		{A88C3EB9-BF4F-4A6C-A0E0-8112DCEBAE3E}.Release|x86.ActiveCfg = Release|Win32
		{A88C3EB9-BF4F-4A6C-A0E0-8112DCEBAE3E}.Release|x86.Build.0 = Release|Win32
		{5356174E-E483-417A-B451-2A854A031760}.Debug|x64.ActiveCfg = Debug|x64
		{5356174E-E483-417A-B451-2A854A031760}.Debug|x64.Build.0 = Debug|x64
		{5356174E-E483-417A-B451-2A854A031760}.Debug|x86.ActiveCfg = Debug|Win32
		{5356174E-E483-417A-B451-2A854A031760}.Debug|x86.Build.0 = Debug|Win32
		{5356174E-E483-417A-B451-2A854A031760}.Release|x64.ActiveCfg = Release|x64
		{5356174E-E483-417A-B451-2A854A031760}.Release|x64.Build.0 = Release|x64
		{5356174E-E483-417A-B451-2A854A031760}.Release|x86.ActiveCfg = Release|Win32
		{5356174E-E483-417A-B451-2A854A031760}.Release|x86.Build.0 = Release|Win32
		{00DA75A3-F9C3-4982-AC92-C3D51EF34144}.Debug|x64.ActiveCfg = Debug|x64
		{00DA75A3-F9C3-4982-AC92-C3D51EF34144}.Debug|x64.Build.0 = Debug|x64
		{00DA75A3-F9C3-4982-AC92-C3D51EF34144}.Debug|x86.ActiveCfg = Debug|Win32
		{00DA75A3-F9C3-4982-AC92-C3D51EF34144}.Debug|x86.Build.0 = Debug|Win32
		{00DA75A3-F9C3-4982-AC92-C3D51EF34144}.Release|x64.ActiveCfg = Release|x64
		{00DA75A3-F9C3-4982-AC92-C3D51EF34144}.Release|x64.Build.0 = Release|x64
		{00DA75A3-F9C3-4982-AC92-C3D51EF34144}.Release|x86.ActiveCfg = Release|Win32
		{00DA75A3-F9C3-4982-AC92-C3D51EF34144}.Release|x86.Build.0 = Release|Win32
		{13CAEF42-1F38-49C7-96DB-AD64C8D1C35C}.Debug|x64.ActiveCfg = Debug|x64
		{13CAEF42-1F38-49C7-96DB-AD64C8D1C35C}.Debug|x64.Build.0 = Debug|x64
		{13CAEF42-1F38-49C7-96DB-AD64C8D1C35C}.Debug|x86.ActiveCfg = Debug|Win32
		{13CAEF42-1F38-49C7-96DB-AD64C8D1C35C}.Debug|x86.Build.0 = Debug|Win32
		{13CAEF42-1F38-49C7-96DB-AD64C8D1C35C}.Release|x64.ActiveCfg = Release|x64
		{13CAEF42-1F38-49C7-96DB-AD64C8D1C35C}.Release|x64.Build.0 = Release|x64
		{13CAEF42-1F38-49C7-96DB-AD64C8D1C35C}.Release|x86.ActiveCfg = Release|Win32
		{13CAEF42-1F38-49C7-96DB-AD64C8D1C35C}.Release|x86.Build.0 = Release|Win32
		{4657302F-CB13-4B62-B1D5-0DE3EDAA35D3}.Debug|x64.ActiveCfg = Debug|x64
		{4657302F-CB13-4B62-B1D5-0DE3EDAA35D3}.Debug|x64.Build.0 = Debug|x64
		{4657302F-CB13-4B62-B1D5-0DE3EDAA35D3}.Debug|x86.ActiveCfg = Debug|Win32
		{4657302F-CB13-4B62-B1D5-0DE3EDAA35D3}.Debug|x86.Build.0 = Debug|Win32
		{4657302F-CB13-4B62-B1D5-0DE3EDAA35D3}.Release|x64.ActiveCfg = Release|x64
		{4657302F-CB13-4B62-B1D5-0DE3EDAA35D3}.Release|x64.Build.0 = Release|x64
		{4657302F-CB13-4B62-B1D5-0DE3EDAA35D3}.Release|x86.ActiveCfg = Release|Win32
		{4657302F-CB13-4B62-B1D5-0DE3EDAA35D3}.Release|x86.Build.0 = Release|Win32
		{8CCA100F-14EF-4D35-BB16-B7BFE3F80366}.Debug|x64.ActiveCfg = Debug|x64
		{8CCA100F-14EF-4D35-BB16-B7BFE3F80366}.Debug|x64.Build.0 = Debug|x64
		{8CCA100F-14EF-4D35-BB16-B7BFE3F80366}.Debug|x86.ActiveCfg = Debug|Win32
		{8CCA100F-14EF-4D35-BB16-B7BFE3F80366}.Debug|x86.Build.0 = Debug|Win32
		{8CCA100F-14EF-4D35-BB16-B7BFE3F80366}.Release|x64.ActiveCfg = Release|x64
		{8CCA100F-14EF-4D35-BB16-B7BFE3F80366}.Release|x64.Build.0 = Release|x64
		{8CCA100F-14EF-4D35-BB16-B7BFE3F80366}.Release|x86.ActiveCfg = Release|Win32
		{8CCA100F-14EF-4D35-BB16-B7BFE3F80366}.Release|x86.Build.0 = Release|Win32
		{6150397F-4524-4767-9404-D8E41A3371F6}.Debug|x64.ActiveCfg = Debug|x64
		{6150397F-4524-4767-9404-D8E41A3371F6}.Debug|x64.Build.0 = Debug|x64
		{6150397F-4524-4767-9404-D8E41A3371F6}.Debug|x86.ActiveCfg = Debug|Win32
		{6150397F-4524-4767-9404-D8E41A3371F6}.Debug|x86.Build.0 = Debug|Win32
		{6150397F-4524-4767-9404-D8E41A3371F6}.Release|x64.ActiveCfg = Release|x64
		{6150397F-4524-4767-9404-D8E41A3371F6}.Release|x64.Build.0 = Release|x64
		{6150397F-4524-4767-9404-D8E41A3371F6}.Release|x86.ActiveCfg = Release|Win32
		{6150397F-4524-4767-9404-D8E41A3371F6}.Release|x86.Build.0 = Release|Win32
		{3CB3DD1A-2B11-438B-BE56-C636E5EA1085}.Debug|x64.ActiveCfg = Debug|x64
		{3CB3DD1A-2B11-438B-BE56-C636E5EA1085}.Debug|x64.Build.0 = Debug|x64
		{3CB3DD1A-2B11-438B-BE56-C636E5EA1085}.Debug|x86.ActiveCfg = Debug|Win32
		{3CB3DD1A-2B11-438B-BE56-C636E5EA1085}.Debug|x86.Build.0 = Debug|Win32
		{3CB3DD1A-2B11-438B-BE56-C636E5EA1085}.Release|x64.ActiveCfg = Release|x64
		{3CB3DD1A-2B11-438B-BE56-C636E5EA1085}.Release|x64.Build.0 = Release|x64
		{3CB3DD1A-2B11-438B-BE56-C636E5EA1085}.Release|x86.ActiveCfg = Release|Win32
		{3CB3DD1A-2B11-438B-BE56-C636E5EA1085}.Release|x86.Build.0 = Release|Win32
		{C8999AF0-A9FE-4FFB-B726-2233D1954311}.Debug|x64.ActiveCfg = Debug|x64
		{C8999AF0-A9FE-4FFB-B726-2233D1954311}.Debug|x64.Build.0 = Debug|x64
		{C8999AF0-A9FE-4FFB-B726-2233D1954311}.Debug|x86.ActiveCfg = Debug|Win32
		{C8999AF0-A9FE-4FFB-B726-2233D1954311}.Debug|x86.Build.0 = Debug|Win32
		{C8999AF0-A9FE-4FFB-B726-2233D1954311}.Release|x64.ActiveCfg = Release|x64
		{C8999AF0-A9FE-4FFB-B726-2233D1954311}.Release|x64.Build.0 = Release|x64
		{C8999AF0-A9FE-4FFB-B726-2233D1954311}.Release|x86.ActiveCfg = Release|Win32
		{C8999AF0-A9FE-4FFB-B726-2233D1954311}.Release|x86.Build.0 = Release|Win32
		{E815D402-2B77-4B66-904A-4354C75B2A78}.Debug|x64.ActiveCfg = Debug|x64
		{E815D402-2B77-4B66-904A-4354C75B2A78}.Debug|x64.Build.0 = Debug|x64
		{E815D402-2B77-4B66-904A-4354C75B2A78}.Debug|x86.ActiveCfg = Debug|Win32
		{E815D402-2B77-4B66-904A-4354C75B2A78}.Debug|x86.Build.0 = Debug|Win32
		{E815D402-2B77-4B66-904A-4354C75B2A78}.Release|x64.ActiveCfg = Release|x64
		{E815D402-2B77-4B66-904A-4354C75B2A78}.Release|x64.Build.0 = Release|x64
		{E815D402-2B77-4B66-904A-4354C75B2A78}.Release|x86.ActiveCfg = Release|Win32
		{E815D402-2B77-4B66-904A-4354C75B2A78}.Release|x86.Build.0 = Release|Win32
		{CCDD6CB3-FC72-46BD-A34D-EE60A53C90EA}.Debug|x64.ActiveCfg = Debug|x64
		{CCDD6CB3-FC72-46BD-A34D-EE60A53C90EA}.Debug|x64.Build.0 = Debug|x64
		{CCDD6CB3-FC72-46BD-A34D-EE60A53C90EA}.Debug|x86.ActiveCfg = Debug|Win32
		{CCDD6CB3-FC72-46BD-A34D-EE60A53C90EA}.Debug|x86.Build.0 = Debug|Win32
		{CCDD6CB3-FC72-46BD-A34D-EE60A53C90EA}.Release|x64.ActiveCfg = Release|x64
		{CCDD6CB3-FC72-46BD-A34D-EE60A53C90EA}.Release|x64.Build.0 = Release|x64
		{CCDD6CB3-FC72-46BD-A34D-EE60A53C90EA}.Release|x86.ActiveCfg = Release|Win32
		{CCDD6CB3-FC72-46BD-A34D-EE60A53C90EA}.Release|x86.Build.0 = Release|Win32
	EndGlobalSection
	GlobalSection(SolutionProperties) = preSolution
		HideSolutionNode = FALSE
	EndGlobalSection
	GlobalSection(NestedProjects) = preSolution
		{2D812A81-8AA2-43F0-A327-0874A5D06C3D} = {C8D5274F-AC00-46C7-1F8D-E88E81087A52}
		{40F283C4-1F73-4E7D-A16A-3F7B18B13803} = {38831FAB-6714-487A-849C-B9700805C83E}
		{DF2E8123-B8F5-4D89-BD5A-3F59EC022356} = {38831FAB-6714-487A-849C-B9700805C83E}
		{C8DDE6F5-B34B-474B-B8D0-9CD3B1E0B716} = {38831FAB-6714-487A-849C-B9700805C83E}
		{BFE25486-F9D8-4475-A0BB-39D53DF09CE0} = {38831FAB-6714-487A-849C-B9700805C83E}
		{F9AD6D76-85BC-4A22-8209-1CB0DAAD3F8D} = {38831FAB-6714-487A-849C-B9700805C83E}
		{8FF85C00-68D6-4163-A74A-97B40858ED82} = {38831FAB-6714-487A-849C-B9700805C83E}
		{A636F28F-55CC-4568-BAC9-005A8ABBD602} = {38831FAB-6714-487A-849C-B9700805C83E}
		{7A760C85-E634-4DAD-AEA4-CF866E1CE300} = {38831FAB-6714-487A-849C-B9700805C83E}
		{4C6610AD-ECE5-44A5-B639-3AEAECA68CF9} = {38831FAB-6714-487A-849C-B9700805C83E}
		{99E3E2C9-B974-41EF-B8EC-5DA7A35EAAE8} = {38831FAB-6714-487A-849C-B9700805C83E}
		{B217E8F1-5221-4740-98E3-4591821D9E0B} = {38831FAB-6714-487A-849C-B9700805C83E}
		{A2F9CC65-407C-4534-8CE8-0BEEB722E6CD} = {38831FAB-6714-487A-849C-B9700805C83E}
		{1AE0585B-33C0-4D54-B611-0A94D17A500D} = {38831FAB-6714-487A-849C-B9700805C83E}
		{0F8EDE17-3FD1-48A2-B0BE-0299803E1809} = {38831FAB-6714-487A-849C-B9700805C83E}
		{97461CAC-E60B-434A-937C-88267D9B1A19} = {38831FAB-6714-487A-849C-B9700805C83E}
		{4C32F9A5-CEC3-4509-971C-B2D4856E0DDD} = {38831FAB-6714-487A-849C-B9700805C83E}
		{ED66D214-D43B-4268-8248-95E6070240BF} = {38831FAB-6714-487A-849C-B9700805C83E}
		{8E39AFC7-C917-4861-A522-9BDC376ED71B} = {38831FAB-6714-487A-849C-B9700805C83E}
		{D84187EA-F737-4846-A409-11723CC3622C} = {38831FAB-6714-487A-849C-B9700805C83E}
		{8DC29427-81D6-4CF2-A23F-8911F424BB83} = {38831FAB-6714-487A-849C-B9700805C83E}
		{D0B5B5CA-9E90-478B-9436-3E8DB188935E} = {38831FAB-6714-487A-849C-B9700805C83E}
		{10FDD247-1644-41A3-BB73-12C84EFB633E} = {38831FAB-6714-487A-849C-B9700805C83E}
		{CCCE0DE0-04F4-4FD0-9BCE-CE767EB50A0F} = {B4C76816-7768-470B-A797-2198F8C9A570}
		{D4750758-3E21-441F-9996-54AA67B02940} = {B4C76816-7768-470B-A797-2198F8C9A570}
		{D60B8A43-D4BB-4DE8-92DB-FA109B2E74CA} = {B4C76816-7768-470B-A797-2198F8C9A570}
		{9EBDDF19-6D85-4C03-BAA8-5636C1387EF3} = {B4C76816-7768-470B-A797-2198F8C9A570}
		{41E570F2-BBAA-48D4-AABA-52FC11054880} = {B4C76816-7768-470B-A797-2198F8C9A570}
		{5EB768A9-9510-4330-A470-59B43FB7C7F5} = {B4C76816-7768-470B-A797-2198F8C9A570}
		{824165E1-DE16-4B54-A32A-18E8FB4426A3} = {B4C76816-7768-470B-A797-2198F8C9A570}
		{20B9DC35-AA57-4BBE-91BF-09A80C36C354} = {B4C76816-7768-470B-A797-2198F8C9A570}
		{791AEF5A-152A-4128-9959-12E297EC2D41} = {B4C76816-7768-470B-A797-2198F8C9A570}
		{EA1A5BEC-D9D7-4AE5-A660-5E4C22292A9B} = {B4C76816-7768-470B-A797-2198F8C9A570}
		{91D1D9F0-8757-492B-A719-BED78E470A37} = {B4C76816-7768-470B-A797-2198F8C9A570}
		{F56F9490-08C6-4340-B743-2FA9A6B033A5} = {B4C76816-7768-470B-A797-2198F8C9A570}
		{DCE13CA9-6AD7-45BA-8756-1438C41B0F76} = {B4C76816-7768-470B-A797-2198F8C9A570}
		{639D6160-D546-4005-A3CD-F005266BF9B5} = {B4C76816-7768-470B-A797-2198F8C9A570}
		{FB6834E6-F203-4A13-BE92-DAD28295E90B} = {B4C76816-7768-470B-A797-2198F8C9A570}
		{885BE32A-C747-4CC3-B42F-8890267A902C} = {B4C76816-7768-470B-A797-2198F8C9A570}
		{6D6E79FA-4D34-4224-8888-DE0107EB7371} = {B4C76816-7768-470B-A797-2198F8C9A570}
		{0A118BBB-F016-4547-8CBB-2DF056C70F19} = {B4C76816-7768-470B-A797-2198F8C9A570}
		{28E9E743-86FE-47A1-AEC2-8FE89EB0F0F1} = {B4C76816-7768-470B-A797-2198F8C9A570}
		{B9C6A832-DD61-4C14-9322-52536F606309} = {87B845AA-5E10-4581-B5E8-EC4D337C2CF4}
		{B7B26547-B4E2-48D9-B3E7-DAD3C20FCD6A} = {87B845AA-5E10-4581-B5E8-EC4D337C2CF4}
		{81BEF0F6-9108-4F1B-869F-3341463A06D8} = {87B845AA-5E10-4581-B5E8-EC4D337C2CF4}
		{CF13C79A-9B11-41F1-B612-C7FB57CF6C46} = {87B845AA-5E10-4581-B5E8-EC4D337C2CF4}
		{9A79CEE7-BAC9-45B8-8CA1-A54D6057ACA6} = {87B845AA-5E10-4581-B5E8-EC4D337C2CF4}
		{ABBEE1C8-0ECC-4507-B541-A0CAF5FEFA21} = {87B845AA-5E10-4581-B5E8-EC4D337C2CF4}
		{4269F610-0DB6-4C75-A46D-6E491C7B5821} = {87B845AA-5E10-4581-B5E8-EC4D337C2CF4}
		{3CD5E6BB-9302-4F94-9673-0CF650F9AE04} = {87B845AA-5E10-4581-B5E8-EC4D337C2CF4}
		{485EF70A-69F2-4BFC-ABCE-E66922A66ED7} = {87B845AA-5E10-4581-B5E8-EC4D337C2CF4}
		{9EA0F4F3-D146-470F-AA00-77E88F1A8E88} = {6A5AA055-142F-484C-AA08-BAEEB2F372A2}
		{CBA869EA-3510-423E-90A0-FBDC27D383A3} = {6A5AA055-142F-484C-AA08-BAEEB2F372A2}
		{FF018CD7-E1DA-4864-B963-8891D42DCE2E} = {6A5AA055-142F-484C-AA08-BAEEB2F372A2}
		{A947B8FB-5C7B-4CB9-A2B1-C366BEB77894} = {6A5AA055-142F-484C-AA08-BAEEB2F372A2}
		{4D3AAEEB-6882-4D85-990B-1F74A79B54D1} = {6A5AA055-142F-484C-AA08-BAEEB2F372A2}
		{14866DEE-A8FC-4EE4-AC01-F3CEA11F7582} = {6A5AA055-142F-484C-AA08-BAEEB2F372A2}
		{79FA6849-C358-41DE-974D-53843DBB9C9A} = {ECACB344-DD65-4CC1-92E5-E0A2B3924DFA}
		{01DA9924-6D42-4A96-AAC1-DD7EF1AA5093} = {7C7DDA75-3B36-43B2-853C-8930042743E3}
		{61966EC7-81E9-481F-BFB1-1A803ADB460D} = {7C7DDA75-3B36-43B2-853C-8930042743E3}
		{DBF6E605-2E29-4B4E-A847-7CD57C273D4E} = {7C7DDA75-3B36-43B2-853C-8930042743E3}
		{141956CE-3F60-485B-8B69-281FAF5E151A} = {7C7DDA75-3B36-43B2-853C-8930042743E3}
		{DFE1D4AA-1597-414A-969C-0A7D2A430627} = {7C7DDA75-3B36-43B2-853C-8930042743E3}
		{693A4CE6-0C0C-49E3-AB44-54E9319A0B43} = {7C7DDA75-3B36-43B2-853C-8930042743E3}
		{9D6922C0-B5A3-4ABF-A158-B3F4F8BE5FE9} = {7C7DDA75-3B36-43B2-853C-8930042743E3}
		{0C329266-0553-4056-906A-93B6BFB69953} = {7C7DDA75-3B36-43B2-853C-8930042743E3}
		{3548748D-0FD2-4C8D-9754-33A75428B776} = {7C7DDA75-3B36-43B2-853C-8930042743E3}
		{0191D050-AAD0-44D4-9AC5-C77039DA7828} = {7C7DDA75-3B36-43B2-853C-8930042743E3}
		{63084230-938C-4093-84D3-5B0B1AAD109B} = {7C7DDA75-3B36-43B2-853C-8930042743E3}
		{84A95116-3899-457A-A46D-908BBC6B9A81} = {7C7DDA75-3B36-43B2-853C-8930042743E3}
		{E9AD2777-3491-4B41-A737-C9D92FD5D175} = {7C7DDA75-3B36-43B2-853C-8930042743E3}
		{B3513E64-1796-4181-B994-1591E34FD406} = {7C7DDA75-3B36-43B2-853C-8930042743E3}
		{A47E4618-BEA8-4492-BF8F-86DED27ECF8B} = {7C7DDA75-3B36-43B2-853C-8930042743E3}
		{AA15F157-2A2F-4FF7-94CB-658F13CB307D} = {7C7DDA75-3B36-43B2-853C-8930042743E3}
		{F61C7FE6-2A11-4A9A-8372-60FB8671A4F8} = {7C7DDA75-3B36-43B2-853C-8930042743E3}
		{EE3F64B3-5421-4A18-8F2E-2FB379BED7F3} = {7C7DDA75-3B36-43B2-853C-8930042743E3}
		{4F136F5F-759B-411D-808A-9B954F318708} = {7C7DDA75-3B36-43B2-853C-8930042743E3}
		{A22641EF-D62A-4E89-8CBF-121C06FC77F4} = {7C7DDA75-3B36-43B2-853C-8930042743E3}
		{C907659A-FA52-4D4A-A09D-DA2E84FAB896} = {7C7DDA75-3B36-43B2-853C-8930042743E3}
		{97869D93-A01F-4EF8-8475-668091675F4B} = {7C7DDA75-3B36-43B2-853C-8930042743E3}
		{34FCC30B-8576-4AB5-BA7B-F1415D6DFB82} = {7C7DDA75-3B36-43B2-853C-8930042743E3}
		{7951BF78-9236-4A0B-88AE-EB3957FF6965} = {7C7DDA75-3B36-43B2-853C-8930042743E3}
		{514CCA70-BAA6-4382-99D8-D3B04C3693FE} = {7C7DDA75-3B36-43B2-853C-8930042743E3}
		{61E9A579-715B-44E6-A3DD-1721D4FABF1E} = {7C7DDA75-3B36-43B2-853C-8930042743E3}
		{C4408690-93A7-410F-A36B-AB27543122E1} = {AA7DD662-7468-4970-95CE-7024C886D9D7}
		{3DD1AF87-9DC1-479C-9BE1-080BB52EC744} = {AA7DD662-7468-4970-95CE-7024C886D9D7}
		{A88C3EB9-BF4F-4A6C-A0E0-8112DCEBAE3E} = {AA7DD662-7468-4970-95CE-7024C886D9D7}
		{5356174E-E483-417A-B451-2A854A031760} = {AA7DD662-7468-4970-95CE-7024C886D9D7}
		{00DA75A3-F9C3-4982-AC92-C3D51EF34144} = {AA7DD662-7468-4970-95CE-7024C886D9D7}
		{13CAEF42-1F38-49C7-96DB-AD64C8D1C35C} = {AA7DD662-7468-4970-95CE-7024C886D9D7}
		{4657302F-CB13-4B62-B1D5-0DE3EDAA35D3} = {AA7DD662-7468-4970-95CE-7024C886D9D7}
		{8CCA100F-14EF-4D35-BB16-B7BFE3F80366} = {AA7DD662-7468-4970-95CE-7024C886D9D7}
		{6150397F-4524-4767-9404-D8E41A3371F6} = {AA7DD662-7468-4970-95CE-7024C886D9D7}
		{3CB3DD1A-2B11-438B-BE56-C636E5EA1085} = {AA7DD662-7468-4970-95CE-7024C886D9D7}
		{C8999AF0-A9FE-4FFB-B726-2233D1954311} = {AA7DD662-7468-4970-95CE-7024C886D9D7}
		{E815D402-2B77-4B66-904A-4354C75B2A78} = {AA7DD662-7468-4970-95CE-7024C886D9D7}
		{CCDD6CB3-FC72-46BD-A34D-EE60A53C90EA} = {1FA21255-E57B-447D-86EB-B5E83D3B20A3}
	EndGlobalSection
	GlobalSection(ExtensibilityGlobals) = postSolution
		SolutionGuid = {B2AB65EB-40ED-44B7-A917-7DEEA011BE5D}
	EndGlobalSection
EndGlobal
